// !$*UTF8*$!
{
	archiveVersion = 1;
	classes = {
	};
	objectVersion = 46;
	objects = {

/* Begin PBXBuildFile section */
		2208FC72151D207800669256 /* BTVisibilityTask.h in Headers */ = {isa = PBXBuildFile; fileRef = 2208FC70151D207800669256 /* BTVisibilityTask.h */; };
		2208FC73151D207800669256 /* BTVisibilityTask.m in Sources */ = {isa = PBXBuildFile; fileRef = 2208FC71151D207800669256 /* BTVisibilityTask.m */; };
		220F63AD152E878B0051B383 /* BTButton.h in Headers */ = {isa = PBXBuildFile; fileRef = 220F63A6152E878B0051B383 /* BTButton.h */; };
		220F63AE152E878B0051B383 /* BTButton.m in Sources */ = {isa = PBXBuildFile; fileRef = 220F63A7152E878B0051B383 /* BTButton.m */; };
		220F63AF152E878B0051B383 /* BTButton+Protected.h in Headers */ = {isa = PBXBuildFile; fileRef = 220F63A8152E878B0051B383 /* BTButton+Protected.h */; };
		220F63B0152E878B0051B383 /* BTDisplayObjectButton.h in Headers */ = {isa = PBXBuildFile; fileRef = 220F63A9152E878B0051B383 /* BTDisplayObjectButton.h */; };
		220F63B1152E878B0051B383 /* BTDisplayObjectButton.m in Sources */ = {isa = PBXBuildFile; fileRef = 220F63AA152E878B0051B383 /* BTDisplayObjectButton.m */; };
		220F63B2152E878B0051B383 /* BTMovieButton.h in Headers */ = {isa = PBXBuildFile; fileRef = 220F63AB152E878B0051B383 /* BTMovieButton.h */; };
		220F63B3152E878B0051B383 /* BTMovieButton.m in Sources */ = {isa = PBXBuildFile; fileRef = 220F63AC152E878B0051B383 /* BTMovieButton.m */; };
		221516AC1513C45900C48FBB /* hero_A_01 in Resources */ = {isa = PBXBuildFile; fileRef = 221516AB1513C45900C48FBB /* hero_A_01 */; };
		2217E4CD14C79B90000F976A /* BTUpdatable.h in Headers */ = {isa = PBXBuildFile; fileRef = 2217E4CC14C79B90000F976A /* BTUpdatable.h */; };
		221B6F9814C8BC3200747A18 /* BTMode+Protected.h in Headers */ = {isa = PBXBuildFile; fileRef = 221B6F9714C8BC3200747A18 /* BTMode+Protected.h */; };
		2221996D14D0EE99009B764F /* BTResource.m in Sources */ = {isa = PBXBuildFile; fileRef = 2221996C14D0EE98009B764F /* BTResource.m */; };
		2221998F14D0F809009B764F /* BTLoadingMode.h in Headers */ = {isa = PBXBuildFile; fileRef = 2221998D14D0F809009B764F /* BTLoadingMode.h */; };
		2221999014D0F809009B764F /* BTLoadingMode.m in Sources */ = {isa = PBXBuildFile; fileRef = 2221998E14D0F809009B764F /* BTLoadingMode.m */; };
		2221999314D1F021009B764F /* BTApp.h in Headers */ = {isa = PBXBuildFile; fileRef = 2221999114D1F020009B764F /* BTApp.h */; };
		2221999414D1F021009B764F /* BTApp.m in Sources */ = {isa = PBXBuildFile; fileRef = 2221999214D1F021009B764F /* BTApp.m */; };
		22400B1C1544CA5000B00D5E /* BTAudioChannel.h in Headers */ = {isa = PBXBuildFile; fileRef = 22400B1A1544CA5000B00D5E /* BTAudioChannel.h */; };
		22400B1D1544CA5000B00D5E /* BTAudioChannel.m in Sources */ = {isa = PBXBuildFile; fileRef = 22400B1B1544CA5000B00D5E /* BTAudioChannel.m */; };
		22400B231544CD1400B00D5E /* BTSoundResource.h in Headers */ = {isa = PBXBuildFile; fileRef = 22400B211544CD1400B00D5E /* BTSoundResource.h */; };
		22400B241544CD1400B00D5E /* BTSoundResource.m in Sources */ = {isa = PBXBuildFile; fileRef = 22400B221544CD1400B00D5E /* BTSoundResource.m */; };
		22400B271544CEAE00B00D5E /* BTSoundType.h in Headers */ = {isa = PBXBuildFile; fileRef = 22400B251544CEAE00B00D5E /* BTSoundType.h */; };
		22400B281544CEAE00B00D5E /* BTSoundType.m in Sources */ = {isa = PBXBuildFile; fileRef = 22400B261544CEAE00B00D5E /* BTSoundType.m */; };
		22400B2B1544E22500B00D5E /* BTAudioManager.h in Headers */ = {isa = PBXBuildFile; fileRef = 22400B291544E22500B00D5E /* BTAudioManager.h */; };
		22400B2C1544E22500B00D5E /* BTAudioManager.m in Sources */ = {isa = PBXBuildFile; fileRef = 22400B2A1544E22500B00D5E /* BTAudioManager.m */; };
		22400B2E1544F7A000B00D5E /* BTAudioChannel+Package.h in Headers */ = {isa = PBXBuildFile; fileRef = 22400B2D1544F7A000B00D5E /* BTAudioChannel+Package.h */; };
		22448DF914E09B20001CF5CE /* BTInput.h in Headers */ = {isa = PBXBuildFile; fileRef = 22448DF714E09B20001CF5CE /* BTInput.h */; };
		22448DFA14E09B20001CF5CE /* BTInput.m in Sources */ = {isa = PBXBuildFile; fileRef = 22448DF814E09B20001CF5CE /* BTInput.m */; };
		22448E0E14E3356A001CF5CE /* BTScaleTask.h in Headers */ = {isa = PBXBuildFile; fileRef = 22448E0C14E3356A001CF5CE /* BTScaleTask.h */; };
		22448E0F14E3356A001CF5CE /* BTScaleTask.m in Sources */ = {isa = PBXBuildFile; fileRef = 22448E0D14E3356A001CF5CE /* BTScaleTask.m */; };
		22448E2914E4A7A4001CF5CE /* SPPoint+BTExtensions.h in Headers */ = {isa = PBXBuildFile; fileRef = 22448E2714E4A79D001CF5CE /* SPPoint+BTExtensions.h */; };
		22448E2A14E4A7A4001CF5CE /* SPPoint+BTExtensions.m in Sources */ = {isa = PBXBuildFile; fileRef = 22448E2814E4A7A0001CF5CE /* SPPoint+BTExtensions.m */; };
		22448E2D14E4A938001CF5CE /* SPRectangle+BTExtensions.h in Headers */ = {isa = PBXBuildFile; fileRef = 22448E2B14E4A931001CF5CE /* SPRectangle+BTExtensions.h */; };
		22448E2E14E4A938001CF5CE /* SPRectangle+BTExtensions.m in Sources */ = {isa = PBXBuildFile; fileRef = 22448E2C14E4A933001CF5CE /* SPRectangle+BTExtensions.m */; };
		22448E7414E5D4C1001CF5CE /* PlayMovieMode.m in Sources */ = {isa = PBXBuildFile; fileRef = CBC4525F14D22F04008CC04D /* PlayMovieMode.m */; };
		22448E7514E5D4D5001CF5CE /* RepeatingMode.m in Sources */ = {isa = PBXBuildFile; fileRef = CB69E37414D8CADE00E7C18D /* RepeatingMode.m */; };
		22448E7614E5D4DD001CF5CE /* Square.m in Sources */ = {isa = PBXBuildFile; fileRef = CB72E4AA14773ED100F1EC78 /* Square.m */; };
		2244B7B215225856001DEACA /* SPPointI.h in Headers */ = {isa = PBXBuildFile; fileRef = 2244B7B015225855001DEACA /* SPPointI.h */; };
		2244B7B315225856001DEACA /* SPPointI.m in Sources */ = {isa = PBXBuildFile; fileRef = 2244B7B115225856001DEACA /* SPPointI.m */; };
		22518E03154385F8006E8494 /* BTAudioControls.h in Headers */ = {isa = PBXBuildFile; fileRef = 22518E01154385F8006E8494 /* BTAudioControls.h */; };
		22518E04154385F8006E8494 /* BTAudioControls.m in Sources */ = {isa = PBXBuildFile; fileRef = 22518E02154385F8006E8494 /* BTAudioControls.m */; };
		22518E0715438628006E8494 /* BTAudioState.h in Headers */ = {isa = PBXBuildFile; fileRef = 22518E0515438628006E8494 /* BTAudioState.h */; };
		22518E0815438628006E8494 /* BTAudioState.m in Sources */ = {isa = PBXBuildFile; fileRef = 22518E0615438628006E8494 /* BTAudioState.m */; };
		22608BE11505AC4E00CCE0A5 /* MovieTestMode.m in Sources */ = {isa = PBXBuildFile; fileRef = 22608BE01505AC4E00CCE0A5 /* MovieTestMode.m */; };
		22608C6D1505C2D300CCE0A5 /* SPView+BTExtensions.h in Headers */ = {isa = PBXBuildFile; fileRef = 22608C6B1505C2D300CCE0A5 /* SPView+BTExtensions.h */; };
		22608C6E1505C2D300CCE0A5 /* SPView+BTExtensions.m in Sources */ = {isa = PBXBuildFile; fileRef = 22608C6C1505C2D300CCE0A5 /* SPView+BTExtensions.m */; };
		2290D8291502C99D009EED3D /* SPMatrix+BTExtensions.h in Headers */ = {isa = PBXBuildFile; fileRef = 2290D8271502C99D009EED3D /* SPMatrix+BTExtensions.h */; };
		2290D82A1502C99D009EED3D /* SPMatrix+BTExtensions.m in Sources */ = {isa = PBXBuildFile; fileRef = 2290D8281502C99D009EED3D /* SPMatrix+BTExtensions.m */; };
		22955A3F14EA1EB1006E5BEE /* LeakTestMode.m in Sources */ = {isa = PBXBuildFile; fileRef = 22955A3E14EA1EB1006E5BEE /* LeakTestMode.m */; };
		229B45C314D786B6005FC8E9 /* BTDurationTask.h in Headers */ = {isa = PBXBuildFile; fileRef = 229B45C114D786B5005FC8E9 /* BTDurationTask.h */; };
		229B45C414D786B6005FC8E9 /* BTDurationTask.m in Sources */ = {isa = PBXBuildFile; fileRef = 229B45C214D786B6005FC8E9 /* BTDurationTask.m */; };
		229B45C914D787F5005FC8E9 /* BTDurationTask+Protected.h in Headers */ = {isa = PBXBuildFile; fileRef = 229B45C814D787F4005FC8E9 /* BTDurationTask+Protected.h */; };
		229B460014D87E05005FC8E9 /* BTDisplayObjectTask.h in Headers */ = {isa = PBXBuildFile; fileRef = 229B45FE14D87E05005FC8E9 /* BTDisplayObjectTask.h */; };
		229B460114D87E05005FC8E9 /* BTDisplayObjectTask.m in Sources */ = {isa = PBXBuildFile; fileRef = 229B45FF14D87E05005FC8E9 /* BTDisplayObjectTask.m */; };
		229B463314D8C439005FC8E9 /* BTHasLocation.h in Headers */ = {isa = PBXBuildFile; fileRef = 229B463214D8C439005FC8E9 /* BTHasLocation.h */; };
		229B463614D8C525005FC8E9 /* SPDisplayObject+BTExtensions.h in Headers */ = {isa = PBXBuildFile; fileRef = 229B463414D8C525005FC8E9 /* SPDisplayObject+BTExtensions.h */; };
		229B463714D8C525005FC8E9 /* SPDisplayObject+BTExtensions.m in Sources */ = {isa = PBXBuildFile; fileRef = 229B463514D8C525005FC8E9 /* SPDisplayObject+BTExtensions.m */; };
		22C85EAD14DB225400F9EC07 /* BTPoints.h in Headers */ = {isa = PBXBuildFile; fileRef = 22C85EAB14DB225400F9EC07 /* BTPoints.h */; };
		22C85EAE14DB225400F9EC07 /* BTPoints.m in Sources */ = {isa = PBXBuildFile; fileRef = 22C85EAC14DB225400F9EC07 /* BTPoints.m */; };
		22C85EB614DB344100F9EC07 /* BTNode+Protected.h in Headers */ = {isa = PBXBuildFile; fileRef = 22C85EB514DB344100F9EC07 /* BTNode+Protected.h */; };
		22C85F0A14DB784B00F9EC07 /* BTDisplayObject.h in Headers */ = {isa = PBXBuildFile; fileRef = 22C85F0814DB784900F9EC07 /* BTDisplayObject.h */; };
		22C85F0B14DB784B00F9EC07 /* BTDisplayObject.m in Sources */ = {isa = PBXBuildFile; fileRef = 22C85F0914DB784A00F9EC07 /* BTDisplayObject.m */; };
		22D46A941538DEB4005BAD6D /* BTDragger.h in Headers */ = {isa = PBXBuildFile; fileRef = 22D46A921538DEB4005BAD6D /* BTDragger.h */; };
		22D46A951538DEB4005BAD6D /* BTDragger.m in Sources */ = {isa = PBXBuildFile; fileRef = 22D46A931538DEB4005BAD6D /* BTDragger.m */; };
		22D46A9E153CCE79005BAD6D /* BTSignalTask.h in Headers */ = {isa = PBXBuildFile; fileRef = 22D46A9C153CCE79005BAD6D /* BTSignalTask.h */; };
		22D46A9F153CCE79005BAD6D /* BTSignalTask.m in Sources */ = {isa = PBXBuildFile; fileRef = 22D46A9D153CCE79005BAD6D /* BTSignalTask.m */; };
		22D46AA2153CD2A2005BAD6D /* BTMovieTask.h in Headers */ = {isa = PBXBuildFile; fileRef = 22D46AA0153CD2A1005BAD6D /* BTMovieTask.h */; };
		22D46AA3153CD2A2005BAD6D /* BTMovieTask.m in Sources */ = {isa = PBXBuildFile; fileRef = 22D46AA1153CD2A2005BAD6D /* BTMovieTask.m */; };
		22DB8234150AAA290091B648 /* BTDeviceType.h in Headers */ = {isa = PBXBuildFile; fileRef = 22DB8232150AAA290091B648 /* BTDeviceType.h */; };
		22DB8235150AAA290091B648 /* BTDeviceType.m in Sources */ = {isa = PBXBuildFile; fileRef = 22DB8233150AAA290091B648 /* BTDeviceType.m */; };
		22DBA63814DCAF6200F0F7C8 /* BTApp+Protected.h in Headers */ = {isa = PBXBuildFile; fileRef = 22DBA63714DCAF6200F0F7C8 /* BTApp+Protected.h */; };
		22DBA63D14DCB29100F0F7C8 /* BTApp+Package.h in Headers */ = {isa = PBXBuildFile; fileRef = 22DBA63C14DCB29100F0F7C8 /* BTApp+Package.h */; };
		22DBA64014DCB64900F0F7C8 /* TestApp.m in Sources */ = {isa = PBXBuildFile; fileRef = 22DBA63F14DCB64900F0F7C8 /* TestApp.m */; };
		22E0A755152A311A009FDE09 /* BTEventSignal.h in Headers */ = {isa = PBXBuildFile; fileRef = 22E0A753152A311A009FDE09 /* BTEventSignal.h */; };
		22E0A756152A311A009FDE09 /* BTEventSignal.m in Sources */ = {isa = PBXBuildFile; fileRef = 22E0A754152A311A009FDE09 /* BTEventSignal.m */; };
		22E0A75F152A3837009FDE09 /* BTEventSignal+Protected.h in Headers */ = {isa = PBXBuildFile; fileRef = 22E0A75E152A3837009FDE09 /* BTEventSignal+Protected.h */; };
		22E0A762152A4404009FDE09 /* BTTouchEventSignals.h in Headers */ = {isa = PBXBuildFile; fileRef = 22E0A760152A4404009FDE09 /* BTTouchEventSignals.h */; };
		22E0A763152A4404009FDE09 /* BTTouchEventSignals.m in Sources */ = {isa = PBXBuildFile; fileRef = 22E0A761152A4404009FDE09 /* BTTouchEventSignals.m */; };
		22E43AB21559CF81003A43B8 /* libcooocoa.a in Frameworks */ = {isa = PBXBuildFile; fileRef = 22E43A5A1559B0BC003A43B8 /* libcooocoa.a */; };
		22F3373D14E89BAC00A17CCB /* GroupTestMode.m in Sources */ = {isa = PBXBuildFile; fileRef = 22F3373C14E89BAC00A17CCB /* GroupTestMode.m */; };
		22F979EA14C0E23F00A6913B /* GDataXMLNode+BTExtensions.h in Headers */ = {isa = PBXBuildFile; fileRef = 22F979D814C0E23F00A6913B /* GDataXMLNode+BTExtensions.h */; };
		22F979EB14C0E23F00A6913B /* GDataXMLNode+BTExtensions.m in Sources */ = {isa = PBXBuildFile; fileRef = 22F979D914C0E23F00A6913B /* GDataXMLNode+BTExtensions.m */; };
		22F979F114C0E23F00A6913B /* BTResource.h in Headers */ = {isa = PBXBuildFile; fileRef = 22F979DF14C0E23F00A6913B /* BTResource.h */; };
		22F979F614C0E23F00A6913B /* BTResourceManager.h in Headers */ = {isa = PBXBuildFile; fileRef = 22F979E414C0E23F00A6913B /* BTResourceManager.h */; };
		22F979F714C0E23F00A6913B /* BTResourceManager.m in Sources */ = {isa = PBXBuildFile; fileRef = 22F979E514C0E23F00A6913B /* BTResourceManager.m */; };
		22F979F914C0E36F00A6913B /* BTResourceFactory.h in Headers */ = {isa = PBXBuildFile; fileRef = 22F979F814C0E36F00A6913B /* BTResourceFactory.h */; };
		22F97A9014C0EC8B00A6913B /* Betwixt.h in Headers */ = {isa = PBXBuildFile; fileRef = 22F97A8F14C0EC8B00A6913B /* Betwixt.h */; };
		CB24CBCB14A028F6004BAA57 /* BTLocationTask.h in Headers */ = {isa = PBXBuildFile; fileRef = CB24CBC914A028F5004BAA57 /* BTLocationTask.h */; };
		CB24CBCC14A028F6004BAA57 /* BTLocationTask.m in Sources */ = {isa = PBXBuildFile; fileRef = CB24CBCA14A028F6004BAA57 /* BTLocationTask.m */; };
		CB24CBCF14A02E10004BAA57 /* MoveMode.m in Sources */ = {isa = PBXBuildFile; fileRef = CB24CBCE14A02E10004BAA57 /* MoveMode.m */; };
		CB24CBD414A115EF004BAA57 /* BTInterpolator.m in Sources */ = {isa = PBXBuildFile; fileRef = CB24CBD114A115EF004BAA57 /* BTInterpolator.m */; };
		CB24CBD514A115EF004BAA57 /* BTInterpolator.h in Headers */ = {isa = PBXBuildFile; fileRef = CB24CBD214A115EF004BAA57 /* BTInterpolator.h */; };
		CB24CBD814A116AC004BAA57 /* BTSprite.h in Headers */ = {isa = PBXBuildFile; fileRef = CB24CBD614A116AB004BAA57 /* BTSprite.h */; };
		CB24CBD914A116AC004BAA57 /* BTSprite.m in Sources */ = {isa = PBXBuildFile; fileRef = CB24CBD714A116AB004BAA57 /* BTSprite.m */; };
		CB323C6114A11A530039A2F1 /* libreact.a in Frameworks */ = {isa = PBXBuildFile; fileRef = CB24CBE714A119EB004BAA57 /* libreact.a */; };
		CB323C6414A132390039A2F1 /* BTInterpolationTask.h in Headers */ = {isa = PBXBuildFile; fileRef = CB323C6214A132390039A2F1 /* BTInterpolationTask.h */; };
		CB323C6514A132390039A2F1 /* BTInterpolationTask.m in Sources */ = {isa = PBXBuildFile; fileRef = CB323C6314A132390039A2F1 /* BTInterpolationTask.m */; };
		CB323C6814A134B60039A2F1 /* BTRotationTask.h in Headers */ = {isa = PBXBuildFile; fileRef = CB323C6614A134B60039A2F1 /* BTRotationTask.h */; };
		CB323C6914A134B60039A2F1 /* BTRotationTask.m in Sources */ = {isa = PBXBuildFile; fileRef = CB323C6714A134B60039A2F1 /* BTRotationTask.m */; };
		CB323C6C14A138190039A2F1 /* BTAlphaTask.h in Headers */ = {isa = PBXBuildFile; fileRef = CB323C6A14A138190039A2F1 /* BTAlphaTask.h */; };
		CB323C6D14A138190039A2F1 /* BTAlphaTask.m in Sources */ = {isa = PBXBuildFile; fileRef = CB323C6B14A138190039A2F1 /* BTAlphaTask.m */; };
		CB366FE6148ECC84004BE08B /* BTNodeContainer.h in Headers */ = {isa = PBXBuildFile; fileRef = CB366FE4148ECC84004BE08B /* BTNodeContainer.h */; };
		CB395DBE14B3D7F90093E37F /* BTDetachTask.h in Headers */ = {isa = PBXBuildFile; fileRef = CB395DBC14B3D7F90093E37F /* BTDetachTask.h */; };
		CB395DBF14B3D7F90093E37F /* BTDetachTask.m in Sources */ = {isa = PBXBuildFile; fileRef = CB395DBD14B3D7F90093E37F /* BTDetachTask.m */; };
		CB442C7114B3788800EB2821 /* BTMode+Package.h in Headers */ = {isa = PBXBuildFile; fileRef = CB442C6E14B3788800EB2821 /* BTMode+Package.h */; };
		CB442C7414B3800000EB2821 /* NamedNodeMode.m in Sources */ = {isa = PBXBuildFile; fileRef = CB442C7314B3800000EB2821 /* NamedNodeMode.m */; };
		CB442C7914B3834E00EB2821 /* BTWaitTask.m in Sources */ = {isa = PBXBuildFile; fileRef = CB442C7614B3834200EB2821 /* BTWaitTask.m */; };
		CB442C7B14B3851A00EB2821 /* BTInterpolationTask+Protected.h in Headers */ = {isa = PBXBuildFile; fileRef = CB442C7A14B3851A00EB2821 /* BTInterpolationTask+Protected.h */; };
		CB602C711476603800E52CE2 /* libz.dylib in Frameworks */ = {isa = PBXBuildFile; fileRef = DE5C4E6D138ED109004892CA /* libz.dylib */; };
		CB602C721476603800E52CE2 /* AVFoundation.framework in Frameworks */ = {isa = PBXBuildFile; fileRef = DE3F093711B7B9DC009D4DB0 /* AVFoundation.framework */; };
		CB602C731476603800E52CE2 /* AudioToolbox.framework in Frameworks */ = {isa = PBXBuildFile; fileRef = DE3F093911B7B9DC009D4DB0 /* AudioToolbox.framework */; };
		CB602C741476603800E52CE2 /* OpenAL.framework in Frameworks */ = {isa = PBXBuildFile; fileRef = DE3F097711B7BABD009D4DB0 /* OpenAL.framework */; };
		CB602C751476603800E52CE2 /* QuartzCore.framework in Frameworks */ = {isa = PBXBuildFile; fileRef = DE4A3D7E10FFB08B00FDA492 /* QuartzCore.framework */; };
		CB65CE2F14EC397E00534FAE /* BTTextureGroupFactory.h in Headers */ = {isa = PBXBuildFile; fileRef = CB65CE2D14EC397E00534FAE /* BTTextureGroupFactory.h */; };
		CB65CE3014EC397E00534FAE /* BTTextureGroupFactory.m in Sources */ = {isa = PBXBuildFile; fileRef = CB65CE2E14EC397E00534FAE /* BTTextureGroupFactory.m */; };
		CB65CE3314EC3B1F00534FAE /* BTMultiResourceFactory.h in Headers */ = {isa = PBXBuildFile; fileRef = CB65CE3114EC3B1F00534FAE /* BTMultiResourceFactory.h */; };
		CB65CE3714EC400200534FAE /* BTTextureResource+Package.h in Headers */ = {isa = PBXBuildFile; fileRef = CB65CE3514EC400200534FAE /* BTTextureResource+Package.h */; };
		CB65CE3B14EC42F400534FAE /* squaredance in Resources */ = {isa = PBXBuildFile; fileRef = CB65CE3A14EC42F400534FAE /* squaredance */; };
		CB65CE3D14EC44FF00534FAE /* shapes in Resources */ = {isa = PBXBuildFile; fileRef = CB65CE3C14EC44FF00534FAE /* shapes */; };
		CB65CE4014EC7EF200534FAE /* FlipbookMode.m in Sources */ = {isa = PBXBuildFile; fileRef = CB65CE3F14EC7EF200534FAE /* FlipbookMode.m */; };
		CB65CE4214EC7F8300534FAE /* guybrush in Resources */ = {isa = PBXBuildFile; fileRef = CB65CE4114EC7F8300534FAE /* guybrush */; };
		CB69E37114D8C66D00E7C18D /* BTRepeatingTask.h in Headers */ = {isa = PBXBuildFile; fileRef = CB69E36F14D8C66D00E7C18D /* BTRepeatingTask.h */; };
		CB69E37214D8C66D00E7C18D /* BTRepeatingTask.m in Sources */ = {isa = PBXBuildFile; fileRef = CB69E37014D8C66D00E7C18D /* BTRepeatingTask.m */; };
		CB69E37914D8D07E00E7C18D /* BTParallelTask.h in Headers */ = {isa = PBXBuildFile; fileRef = CB69E37714D8D07E00E7C18D /* BTParallelTask.h */; };
		CB69E37A14D8D07E00E7C18D /* BTParallelTask.m in Sources */ = {isa = PBXBuildFile; fileRef = CB69E37814D8D07E00E7C18D /* BTParallelTask.m */; };
		CB7ABCB5147C747C00EC6AEC /* BTModeStack+Package.h in Headers */ = {isa = PBXBuildFile; fileRef = CB7ABCB4147C747C00EC6AEC /* BTModeStack+Package.h */; };
		CB8F0D7C14E85EC4005985C8 /* BTDisplayObjectCreator.h in Headers */ = {isa = PBXBuildFile; fileRef = CB8F0D7A14E85EC4005985C8 /* BTDisplayObjectCreator.h */; };
		CB8F0D7F14E85EF5005985C8 /* BTJugglerContainer.h in Headers */ = {isa = PBXBuildFile; fileRef = CB8F0D7E14E85EF5005985C8 /* BTJugglerContainer.h */; };
		CBAD57881475A28800F7D78E /* CoreGraphics.framework in Frameworks */ = {isa = PBXBuildFile; fileRef = 288765FC0DF74451002DB57D /* CoreGraphics.framework */; };
		CBAD57891475A28800F7D78E /* OpenGLES.framework in Frameworks */ = {isa = PBXBuildFile; fileRef = DE4A3D7910FFB08200FDA492 /* OpenGLES.framework */; };
		CBAD578A1475A28800F7D78E /* UIKit.framework in Frameworks */ = {isa = PBXBuildFile; fileRef = 1DF5F4DF0D08C38300B7A737 /* UIKit.framework */; };
		CBAD578D1475A28C00F7D78E /* libSparrow.a in Frameworks */ = {isa = PBXBuildFile; fileRef = DE4A3DB010FFB0DB00FDA492 /* libSparrow.a */; };
		CBAD57B51475A62B00F7D78E /* UIKit.framework in Frameworks */ = {isa = PBXBuildFile; fileRef = 1DF5F4DF0D08C38300B7A737 /* UIKit.framework */; };
		CBAD57B61475A62B00F7D78E /* Foundation.framework in Frameworks */ = {isa = PBXBuildFile; fileRef = 1D30AB110D05D00D00671497 /* Foundation.framework */; };
		CBAD57B71475A62B00F7D78E /* CoreGraphics.framework in Frameworks */ = {isa = PBXBuildFile; fileRef = 288765FC0DF74451002DB57D /* CoreGraphics.framework */; };
		CBAD57C71475A69500F7D78E /* main.m in Sources */ = {isa = PBXBuildFile; fileRef = CBAD57941475A3A000F7D78E /* main.m */; };
		CBAD57CA1475A6A500F7D78E /* libBetwixt.a in Frameworks */ = {isa = PBXBuildFile; fileRef = CBB8CB911475A06400445316 /* libBetwixt.a */; };
		CBAD57D01475A75100F7D78E /* SubObjectMode.m in Sources */ = {isa = PBXBuildFile; fileRef = CBAD57CD1475A70100F7D78E /* SubObjectMode.m */; };
		CBAD57D11475A7A200F7D78E /* OpenAL.framework in Frameworks */ = {isa = PBXBuildFile; fileRef = DE3F097711B7BABD009D4DB0 /* OpenAL.framework */; };
		CBAD57D21475A7A200F7D78E /* OpenGLES.framework in Frameworks */ = {isa = PBXBuildFile; fileRef = DE4A3D7910FFB08200FDA492 /* OpenGLES.framework */; };
		CBAD57D31475A7B000F7D78E /* libz.dylib in Frameworks */ = {isa = PBXBuildFile; fileRef = DE5C4E6D138ED109004892CA /* libz.dylib */; };
		CBAD57D41475A7D200F7D78E /* QuartzCore.framework in Frameworks */ = {isa = PBXBuildFile; fileRef = DE4A3D7E10FFB08B00FDA492 /* QuartzCore.framework */; };
		CBAD57D51475A7D800F7D78E /* AudioToolbox.framework in Frameworks */ = {isa = PBXBuildFile; fileRef = DE3F093911B7B9DC009D4DB0 /* AudioToolbox.framework */; };
		CBAD57D61475A7E200F7D78E /* AVFoundation.framework in Frameworks */ = {isa = PBXBuildFile; fileRef = DE3F093711B7B9DC009D4DB0 /* AVFoundation.framework */; };
		CBAF5619149807B5009A1A06 /* SelfRemoveMode.m in Sources */ = {isa = PBXBuildFile; fileRef = CBAF5618149807B4009A1A06 /* SelfRemoveMode.m */; };
		CBB86EE01476669800D0C57E /* BTObject.h in Headers */ = {isa = PBXBuildFile; fileRef = CBB86EDE1476669800D0C57E /* BTObject.h */; };
		CBB86EE11476669800D0C57E /* BTObject.m in Sources */ = {isa = PBXBuildFile; fileRef = CBB86EDF1476669800D0C57E /* BTObject.m */; };
		CBB8CB921475A06400445316 /* Foundation.framework in Frameworks */ = {isa = PBXBuildFile; fileRef = 1D30AB110D05D00D00671497 /* Foundation.framework */; };
		CBC4524214D20051008CC04D /* BTMovie.h in Headers */ = {isa = PBXBuildFile; fileRef = CBC4524014D20051008CC04D /* BTMovie.h */; };
		CBC4524314D20051008CC04D /* BTMovie.m in Sources */ = {isa = PBXBuildFile; fileRef = CBC4524114D20051008CC04D /* BTMovie.m */; };
		CBC4524914D216A1008CC04D /* BTMovieResourceKeyframe.h in Headers */ = {isa = PBXBuildFile; fileRef = CBC4524514D216A1008CC04D /* BTMovieResourceKeyframe.h */; };
		CBC4524A14D216A1008CC04D /* BTMovieResourceKeyframe.m in Sources */ = {isa = PBXBuildFile; fileRef = CBC4524614D216A1008CC04D /* BTMovieResourceKeyframe.m */; };
		CBC4524B14D216A1008CC04D /* BTMovieResourceLayer.h in Headers */ = {isa = PBXBuildFile; fileRef = CBC4524714D216A1008CC04D /* BTMovieResourceLayer.h */; };
		CBC4524C14D216A1008CC04D /* BTMovieResourceLayer.m in Sources */ = {isa = PBXBuildFile; fileRef = CBC4524814D216A1008CC04D /* BTMovieResourceLayer.m */; };
		CBC4524E14D21700008CC04D /* BTMovie+Package.h in Headers */ = {isa = PBXBuildFile; fileRef = CBC4524D14D21700008CC04D /* BTMovie+Package.h */; };
		CBC88FC115459209005553D9 /* iPad in Resources */ = {isa = PBXBuildFile; fileRef = CBC88FBF15459209005553D9 /* iPad */; };
		CBC88FC215459209005553D9 /* iPhone in Resources */ = {isa = PBXBuildFile; fileRef = CBC88FC015459209005553D9 /* iPhone */; };
		CBD20D0814CF68D600662068 /* BTTextureResource.h in Headers */ = {isa = PBXBuildFile; fileRef = CBD20D0614CF68D600662068 /* BTTextureResource.h */; };
		CBD20D0914CF68D600662068 /* BTTextureResource.m in Sources */ = {isa = PBXBuildFile; fileRef = CBD20D0714CF68D600662068 /* BTTextureResource.m */; };
		CBD20D0C14CF693700662068 /* BTMovieResource.h in Headers */ = {isa = PBXBuildFile; fileRef = CBD20D0A14CF693700662068 /* BTMovieResource.h */; };
		CBD20D0D14CF693700662068 /* BTMovieResource.m in Sources */ = {isa = PBXBuildFile; fileRef = CBD20D0B14CF693700662068 /* BTMovieResource.m */; };
		CBE1F0DA14A14D9E00B82344 /* BTNode.h in Headers */ = {isa = PBXBuildFile; fileRef = CBE1F0D714A14D9E00B82344 /* BTNode.h */; };
		CBE1F0DB14A14D9E00B82344 /* BTNode.m in Sources */ = {isa = PBXBuildFile; fileRef = CBE1F0D814A14D9E00B82344 /* BTNode.m */; };
		CBE1F0DC14A14D9E00B82344 /* BTNode+Package.h in Headers */ = {isa = PBXBuildFile; fileRef = CBE1F0D914A14D9E00B82344 /* BTNode+Package.h */; };
		CBE1F0E114A1554A00B82344 /* BTSequenceTask.h in Headers */ = {isa = PBXBuildFile; fileRef = CBE1F0DF14A1554A00B82344 /* BTSequenceTask.h */; };
		CBE1F0E214A1554A00B82344 /* BTSequenceTask.m in Sources */ = {isa = PBXBuildFile; fileRef = CBE1F0E014A1554A00B82344 /* BTSequenceTask.m */; };
		CBE1F0E514A1707500B82344 /* BTBlockTask.h in Headers */ = {isa = PBXBuildFile; fileRef = CBE1F0E314A1707500B82344 /* BTBlockTask.h */; };
		CBE1F0E614A1707500B82344 /* BTBlockTask.m in Sources */ = {isa = PBXBuildFile; fileRef = CBE1F0E414A1707500B82344 /* BTBlockTask.m */; };
		CBF2AAA214765EA5000C022D /* BTMode.h in Headers */ = {isa = PBXBuildFile; fileRef = CBF2AA9C14765EA5000C022D /* BTMode.h */; };
		CBF2AAA314765EA5000C022D /* BTMode.m in Sources */ = {isa = PBXBuildFile; fileRef = CBF2AA9D14765EA5000C022D /* BTMode.m */; };
		CBF2AAA414765EA5000C022D /* BTModeStack.h in Headers */ = {isa = PBXBuildFile; fileRef = CBF2AA9E14765EA5000C022D /* BTModeStack.h */; };
		CBF2AAA514765EA5000C022D /* BTModeStack.m in Sources */ = {isa = PBXBuildFile; fileRef = CBF2AA9F14765EA5000C022D /* BTModeStack.m */; };
/* End PBXBuildFile section */

/* Begin PBXContainerItemProxy section */
		22C7176E14C0D7C80014B656 /* PBXContainerItemProxy */ = {
			isa = PBXContainerItemProxy;
			containerPortal = CB846EED149AE18900B29795 /* react.xcodeproj */;
			proxyType = 1;
			remoteGlobalIDString = CBFF4A6B149AA9470003AC2B;
			remoteInfo = react;
		};
		22C7177214C0D7CE0014B656 /* PBXContainerItemProxy */ = {
			isa = PBXContainerItemProxy;
			containerPortal = DE4A3DA210FFB0D400FDA492 /* Sparrow.xcodeproj */;
			proxyType = 1;
			remoteGlobalIDString = DEFE4BC1101B317600E22471;
			remoteInfo = Sparrow;
		};
		22E43A591559B0BC003A43B8 /* PBXContainerItemProxy */ = {
			isa = PBXContainerItemProxy;
			containerPortal = 229E28561557503B001452E5 /* cooocoa.xcodeproj */;
			proxyType = 2;
			remoteGlobalIDString = 229E27B11557473D001452E5;
			remoteInfo = cooocoa;
		};
		22E43A5B1559B0BC003A43B8 /* PBXContainerItemProxy */ = {
			isa = PBXContainerItemProxy;
			containerPortal = 229E28561557503B001452E5 /* cooocoa.xcodeproj */;
			proxyType = 2;
			remoteGlobalIDString = 229E27C11557473D001452E5;
			remoteInfo = cooocoaTests;
		};
		22E43AAB1559CF7B003A43B8 /* PBXContainerItemProxy */ = {
			isa = PBXContainerItemProxy;
			containerPortal = 229E28561557503B001452E5 /* cooocoa.xcodeproj */;
			proxyType = 1;
			remoteGlobalIDString = 229E27B01557473D001452E5;
			remoteInfo = cooocoa;
		};
		22E7697F15575D26006E96DB /* PBXContainerItemProxy */ = {
			isa = PBXContainerItemProxy;
			containerPortal = 29B97313FDCFA39411CA2CEA /* Project object */;
			proxyType = 1;
			remoteGlobalIDString = CBB8CB901475A06400445316;
			remoteInfo = Betwixt;
		};
		CB24CBE614A119EB004BAA57 /* PBXContainerItemProxy */ = {
			isa = PBXContainerItemProxy;
			containerPortal = CB846EED149AE18900B29795 /* react.xcodeproj */;
			proxyType = 2;
			remoteGlobalIDString = CBFF4A6C149AA9470003AC2B;
			remoteInfo = react;
		};
		CB24CBE814A119EB004BAA57 /* PBXContainerItemProxy */ = {
			isa = PBXContainerItemProxy;
			containerPortal = CB846EED149AE18900B29795 /* react.xcodeproj */;
			proxyType = 2;
			remoteGlobalIDString = CBFF4A7C149AA9470003AC2B;
			remoteInfo = reactTests;
		};
		DE4A3DAF10FFB0DB00FDA492 /* PBXContainerItemProxy */ = {
			isa = PBXContainerItemProxy;
			containerPortal = DE4A3DA210FFB0D400FDA492 /* Sparrow.xcodeproj */;
			proxyType = 2;
			remoteGlobalIDString = DEFE4BC2101B317600E22471;
			remoteInfo = Sparrow;
		};
		DE4A3DB110FFB0DB00FDA492 /* PBXContainerItemProxy */ = {
			isa = PBXContainerItemProxy;
			containerPortal = DE4A3DA210FFB0D400FDA492 /* Sparrow.xcodeproj */;
			proxyType = 2;
			remoteGlobalIDString = DEEA9335101E32A30071DD21;
			remoteInfo = UnitTests;
		};
/* End PBXContainerItemProxy section */

/* Begin PBXFileReference section */
		1D30AB110D05D00D00671497 /* Foundation.framework */ = {isa = PBXFileReference; lastKnownFileType = wrapper.framework; name = Foundation.framework; path = System/Library/Frameworks/Foundation.framework; sourceTree = SDKROOT; };
		1DF5F4DF0D08C38300B7A737 /* UIKit.framework */ = {isa = PBXFileReference; lastKnownFileType = wrapper.framework; name = UIKit.framework; path = System/Library/Frameworks/UIKit.framework; sourceTree = SDKROOT; };
		2208FC70151D207800669256 /* BTVisibilityTask.h */ = {isa = PBXFileReference; fileEncoding = 4; lastKnownFileType = sourcecode.c.h; path = BTVisibilityTask.h; sourceTree = "<group>"; };
		2208FC71151D207800669256 /* BTVisibilityTask.m */ = {isa = PBXFileReference; fileEncoding = 4; lastKnownFileType = sourcecode.c.objc; path = BTVisibilityTask.m; sourceTree = "<group>"; };
		220F63A6152E878B0051B383 /* BTButton.h */ = {isa = PBXFileReference; fileEncoding = 4; lastKnownFileType = sourcecode.c.h; path = BTButton.h; sourceTree = "<group>"; };
		220F63A7152E878B0051B383 /* BTButton.m */ = {isa = PBXFileReference; fileEncoding = 4; lastKnownFileType = sourcecode.c.objc; path = BTButton.m; sourceTree = "<group>"; };
		220F63A8152E878B0051B383 /* BTButton+Protected.h */ = {isa = PBXFileReference; fileEncoding = 4; lastKnownFileType = sourcecode.c.h; path = "BTButton+Protected.h"; sourceTree = "<group>"; };
		220F63A9152E878B0051B383 /* BTDisplayObjectButton.h */ = {isa = PBXFileReference; fileEncoding = 4; lastKnownFileType = sourcecode.c.h; path = BTDisplayObjectButton.h; sourceTree = "<group>"; };
		220F63AA152E878B0051B383 /* BTDisplayObjectButton.m */ = {isa = PBXFileReference; fileEncoding = 4; lastKnownFileType = sourcecode.c.objc; path = BTDisplayObjectButton.m; sourceTree = "<group>"; };
		220F63AB152E878B0051B383 /* BTMovieButton.h */ = {isa = PBXFileReference; fileEncoding = 4; lastKnownFileType = sourcecode.c.h; path = BTMovieButton.h; sourceTree = "<group>"; };
		220F63AC152E878B0051B383 /* BTMovieButton.m */ = {isa = PBXFileReference; fileEncoding = 4; lastKnownFileType = sourcecode.c.objc; path = BTMovieButton.m; sourceTree = "<group>"; };
		221516AB1513C45900C48FBB /* hero_A_01 */ = {isa = PBXFileReference; lastKnownFileType = folder; name = hero_A_01; path = Exported/hero_A_01; sourceTree = "<group>"; };
		2217E4CC14C79B90000F976A /* BTUpdatable.h */ = {isa = PBXFileReference; fileEncoding = 4; lastKnownFileType = sourcecode.c.h; path = BTUpdatable.h; sourceTree = "<group>"; };
		221B6F9714C8BC3200747A18 /* BTMode+Protected.h */ = {isa = PBXFileReference; fileEncoding = 4; lastKnownFileType = sourcecode.c.h; path = "BTMode+Protected.h"; sourceTree = "<group>"; };
		2221996C14D0EE98009B764F /* BTResource.m */ = {isa = PBXFileReference; fileEncoding = 4; lastKnownFileType = sourcecode.c.objc; path = BTResource.m; sourceTree = "<group>"; };
		2221998D14D0F809009B764F /* BTLoadingMode.h */ = {isa = PBXFileReference; fileEncoding = 4; lastKnownFileType = sourcecode.c.h; path = BTLoadingMode.h; sourceTree = "<group>"; };
		2221998E14D0F809009B764F /* BTLoadingMode.m */ = {isa = PBXFileReference; fileEncoding = 4; lastKnownFileType = sourcecode.c.objc; path = BTLoadingMode.m; sourceTree = "<group>"; };
		2221999114D1F020009B764F /* BTApp.h */ = {isa = PBXFileReference; fileEncoding = 4; lastKnownFileType = sourcecode.c.h; path = BTApp.h; sourceTree = "<group>"; };
		2221999214D1F021009B764F /* BTApp.m */ = {isa = PBXFileReference; fileEncoding = 4; lastKnownFileType = sourcecode.c.objc; path = BTApp.m; sourceTree = "<group>"; };
		22400B1A1544CA5000B00D5E /* BTAudioChannel.h */ = {isa = PBXFileReference; fileEncoding = 4; lastKnownFileType = sourcecode.c.h; path = BTAudioChannel.h; sourceTree = "<group>"; };
		22400B1B1544CA5000B00D5E /* BTAudioChannel.m */ = {isa = PBXFileReference; fileEncoding = 4; lastKnownFileType = sourcecode.c.objc; path = BTAudioChannel.m; sourceTree = "<group>"; };
		22400B211544CD1400B00D5E /* BTSoundResource.h */ = {isa = PBXFileReference; fileEncoding = 4; lastKnownFileType = sourcecode.c.h; path = BTSoundResource.h; sourceTree = "<group>"; };
		22400B221544CD1400B00D5E /* BTSoundResource.m */ = {isa = PBXFileReference; fileEncoding = 4; lastKnownFileType = sourcecode.c.objc; path = BTSoundResource.m; sourceTree = "<group>"; };
		22400B251544CEAE00B00D5E /* BTSoundType.h */ = {isa = PBXFileReference; fileEncoding = 4; lastKnownFileType = sourcecode.c.h; path = BTSoundType.h; sourceTree = "<group>"; };
		22400B261544CEAE00B00D5E /* BTSoundType.m */ = {isa = PBXFileReference; fileEncoding = 4; lastKnownFileType = sourcecode.c.objc; path = BTSoundType.m; sourceTree = "<group>"; };
		22400B291544E22500B00D5E /* BTAudioManager.h */ = {isa = PBXFileReference; fileEncoding = 4; lastKnownFileType = sourcecode.c.h; path = BTAudioManager.h; sourceTree = "<group>"; };
		22400B2A1544E22500B00D5E /* BTAudioManager.m */ = {isa = PBXFileReference; fileEncoding = 4; lastKnownFileType = sourcecode.c.objc; path = BTAudioManager.m; sourceTree = "<group>"; };
		22400B2D1544F7A000B00D5E /* BTAudioChannel+Package.h */ = {isa = PBXFileReference; fileEncoding = 4; lastKnownFileType = sourcecode.c.h; path = "BTAudioChannel+Package.h"; sourceTree = "<group>"; };
		22448DF714E09B20001CF5CE /* BTInput.h */ = {isa = PBXFileReference; fileEncoding = 4; lastKnownFileType = sourcecode.c.h; path = BTInput.h; sourceTree = "<group>"; };
		22448DF814E09B20001CF5CE /* BTInput.m */ = {isa = PBXFileReference; fileEncoding = 4; lastKnownFileType = sourcecode.c.objc; path = BTInput.m; sourceTree = "<group>"; };
		22448E0C14E3356A001CF5CE /* BTScaleTask.h */ = {isa = PBXFileReference; fileEncoding = 4; lastKnownFileType = sourcecode.c.h; path = BTScaleTask.h; sourceTree = "<group>"; };
		22448E0D14E3356A001CF5CE /* BTScaleTask.m */ = {isa = PBXFileReference; fileEncoding = 4; lastKnownFileType = sourcecode.c.objc; path = BTScaleTask.m; sourceTree = "<group>"; };
		22448E2714E4A79D001CF5CE /* SPPoint+BTExtensions.h */ = {isa = PBXFileReference; fileEncoding = 4; lastKnownFileType = sourcecode.c.h; path = "SPPoint+BTExtensions.h"; sourceTree = "<group>"; };
		22448E2814E4A7A0001CF5CE /* SPPoint+BTExtensions.m */ = {isa = PBXFileReference; fileEncoding = 4; lastKnownFileType = sourcecode.c.objc; path = "SPPoint+BTExtensions.m"; sourceTree = "<group>"; };
		22448E2B14E4A931001CF5CE /* SPRectangle+BTExtensions.h */ = {isa = PBXFileReference; fileEncoding = 4; lastKnownFileType = sourcecode.c.h; path = "SPRectangle+BTExtensions.h"; sourceTree = "<group>"; };
		22448E2C14E4A933001CF5CE /* SPRectangle+BTExtensions.m */ = {isa = PBXFileReference; fileEncoding = 4; lastKnownFileType = sourcecode.c.objc; path = "SPRectangle+BTExtensions.m"; sourceTree = "<group>"; };
		2244B7B015225855001DEACA /* SPPointI.h */ = {isa = PBXFileReference; fileEncoding = 4; lastKnownFileType = sourcecode.c.h; path = SPPointI.h; sourceTree = "<group>"; };
		2244B7B115225856001DEACA /* SPPointI.m */ = {isa = PBXFileReference; fileEncoding = 4; lastKnownFileType = sourcecode.c.objc; path = SPPointI.m; sourceTree = "<group>"; };
		22518E01154385F8006E8494 /* BTAudioControls.h */ = {isa = PBXFileReference; fileEncoding = 4; lastKnownFileType = sourcecode.c.h; path = BTAudioControls.h; sourceTree = "<group>"; };
		22518E02154385F8006E8494 /* BTAudioControls.m */ = {isa = PBXFileReference; fileEncoding = 4; lastKnownFileType = sourcecode.c.objc; path = BTAudioControls.m; sourceTree = "<group>"; };
		22518E0515438628006E8494 /* BTAudioState.h */ = {isa = PBXFileReference; fileEncoding = 4; lastKnownFileType = sourcecode.c.h; path = BTAudioState.h; sourceTree = "<group>"; };
		22518E0615438628006E8494 /* BTAudioState.m */ = {isa = PBXFileReference; fileEncoding = 4; lastKnownFileType = sourcecode.c.objc; path = BTAudioState.m; sourceTree = "<group>"; };
		22608BDF1505AC4E00CCE0A5 /* MovieTestMode.h */ = {isa = PBXFileReference; fileEncoding = 4; lastKnownFileType = sourcecode.c.h; name = MovieTestMode.h; path = Integration/MovieTestMode.h; sourceTree = "<group>"; };
		22608BE01505AC4E00CCE0A5 /* MovieTestMode.m */ = {isa = PBXFileReference; fileEncoding = 4; lastKnownFileType = sourcecode.c.objc; name = MovieTestMode.m; path = Integration/MovieTestMode.m; sourceTree = "<group>"; };
		22608C6B1505C2D300CCE0A5 /* SPView+BTExtensions.h */ = {isa = PBXFileReference; fileEncoding = 4; lastKnownFileType = sourcecode.c.h; path = "SPView+BTExtensions.h"; sourceTree = "<group>"; };
		22608C6C1505C2D300CCE0A5 /* SPView+BTExtensions.m */ = {isa = PBXFileReference; fileEncoding = 4; lastKnownFileType = sourcecode.c.objc; path = "SPView+BTExtensions.m"; sourceTree = "<group>"; };
		2290D8271502C99D009EED3D /* SPMatrix+BTExtensions.h */ = {isa = PBXFileReference; fileEncoding = 4; lastKnownFileType = sourcecode.c.h; path = "SPMatrix+BTExtensions.h"; sourceTree = "<group>"; };
		2290D8281502C99D009EED3D /* SPMatrix+BTExtensions.m */ = {isa = PBXFileReference; fileEncoding = 4; lastKnownFileType = sourcecode.c.objc; path = "SPMatrix+BTExtensions.m"; sourceTree = "<group>"; };
		22955A3D14EA1EB1006E5BEE /* LeakTestMode.h */ = {isa = PBXFileReference; fileEncoding = 4; lastKnownFileType = sourcecode.c.h; name = LeakTestMode.h; path = Integration/LeakTestMode.h; sourceTree = "<group>"; };
		22955A3E14EA1EB1006E5BEE /* LeakTestMode.m */ = {isa = PBXFileReference; fileEncoding = 4; lastKnownFileType = sourcecode.c.objc; name = LeakTestMode.m; path = Integration/LeakTestMode.m; sourceTree = "<group>"; };
		229B45C114D786B5005FC8E9 /* BTDurationTask.h */ = {isa = PBXFileReference; fileEncoding = 4; lastKnownFileType = sourcecode.c.h; path = BTDurationTask.h; sourceTree = "<group>"; };
		229B45C214D786B6005FC8E9 /* BTDurationTask.m */ = {isa = PBXFileReference; fileEncoding = 4; lastKnownFileType = sourcecode.c.objc; path = BTDurationTask.m; sourceTree = "<group>"; };
		229B45C814D787F4005FC8E9 /* BTDurationTask+Protected.h */ = {isa = PBXFileReference; fileEncoding = 4; lastKnownFileType = sourcecode.c.h; path = "BTDurationTask+Protected.h"; sourceTree = "<group>"; };
		229B45FE14D87E05005FC8E9 /* BTDisplayObjectTask.h */ = {isa = PBXFileReference; fileEncoding = 4; lastKnownFileType = sourcecode.c.h; path = BTDisplayObjectTask.h; sourceTree = "<group>"; };
		229B45FF14D87E05005FC8E9 /* BTDisplayObjectTask.m */ = {isa = PBXFileReference; fileEncoding = 4; lastKnownFileType = sourcecode.c.objc; path = BTDisplayObjectTask.m; sourceTree = "<group>"; };
		229B463214D8C439005FC8E9 /* BTHasLocation.h */ = {isa = PBXFileReference; fileEncoding = 4; lastKnownFileType = sourcecode.c.h; path = BTHasLocation.h; sourceTree = "<group>"; };
		229B463414D8C525005FC8E9 /* SPDisplayObject+BTExtensions.h */ = {isa = PBXFileReference; fileEncoding = 4; lastKnownFileType = sourcecode.c.h; path = "SPDisplayObject+BTExtensions.h"; sourceTree = "<group>"; };
		229B463514D8C525005FC8E9 /* SPDisplayObject+BTExtensions.m */ = {isa = PBXFileReference; fileEncoding = 4; lastKnownFileType = sourcecode.c.objc; path = "SPDisplayObject+BTExtensions.m"; sourceTree = "<group>"; };
		229E28561557503B001452E5 /* cooocoa.xcodeproj */ = {isa = PBXFileReference; lastKnownFileType = "wrapper.pb-project"; name = cooocoa.xcodeproj; path = ../cooocoa.xcodeproj; sourceTree = COOOCOA_SRC; };
		22C85EAB14DB225400F9EC07 /* BTPoints.h */ = {isa = PBXFileReference; fileEncoding = 4; lastKnownFileType = sourcecode.c.h; path = BTPoints.h; sourceTree = "<group>"; };
		22C85EAC14DB225400F9EC07 /* BTPoints.m */ = {isa = PBXFileReference; fileEncoding = 4; lastKnownFileType = sourcecode.c.objc; path = BTPoints.m; sourceTree = "<group>"; };
		22C85EB514DB344100F9EC07 /* BTNode+Protected.h */ = {isa = PBXFileReference; fileEncoding = 4; lastKnownFileType = sourcecode.c.h; path = "BTNode+Protected.h"; sourceTree = "<group>"; };
		22C85F0814DB784900F9EC07 /* BTDisplayObject.h */ = {isa = PBXFileReference; fileEncoding = 4; lastKnownFileType = sourcecode.c.h; path = BTDisplayObject.h; sourceTree = "<group>"; };
		22C85F0914DB784A00F9EC07 /* BTDisplayObject.m */ = {isa = PBXFileReference; fileEncoding = 4; lastKnownFileType = sourcecode.c.objc; path = BTDisplayObject.m; sourceTree = "<group>"; };
		22D46A921538DEB4005BAD6D /* BTDragger.h */ = {isa = PBXFileReference; fileEncoding = 4; lastKnownFileType = sourcecode.c.h; path = BTDragger.h; sourceTree = "<group>"; };
		22D46A931538DEB4005BAD6D /* BTDragger.m */ = {isa = PBXFileReference; fileEncoding = 4; lastKnownFileType = sourcecode.c.objc; path = BTDragger.m; sourceTree = "<group>"; };
		22D46A9C153CCE79005BAD6D /* BTSignalTask.h */ = {isa = PBXFileReference; fileEncoding = 4; lastKnownFileType = sourcecode.c.h; path = BTSignalTask.h; sourceTree = "<group>"; };
		22D46A9D153CCE79005BAD6D /* BTSignalTask.m */ = {isa = PBXFileReference; fileEncoding = 4; lastKnownFileType = sourcecode.c.objc; path = BTSignalTask.m; sourceTree = "<group>"; };
		22D46AA0153CD2A1005BAD6D /* BTMovieTask.h */ = {isa = PBXFileReference; fileEncoding = 4; lastKnownFileType = sourcecode.c.h; path = BTMovieTask.h; sourceTree = "<group>"; };
		22D46AA1153CD2A2005BAD6D /* BTMovieTask.m */ = {isa = PBXFileReference; fileEncoding = 4; lastKnownFileType = sourcecode.c.objc; path = BTMovieTask.m; sourceTree = "<group>"; };
		22DB8232150AAA290091B648 /* BTDeviceType.h */ = {isa = PBXFileReference; fileEncoding = 4; lastKnownFileType = sourcecode.c.h; path = BTDeviceType.h; sourceTree = "<group>"; };
		22DB8233150AAA290091B648 /* BTDeviceType.m */ = {isa = PBXFileReference; fileEncoding = 4; lastKnownFileType = sourcecode.c.objc; path = BTDeviceType.m; sourceTree = "<group>"; };
		22DBA63714DCAF6200F0F7C8 /* BTApp+Protected.h */ = {isa = PBXFileReference; fileEncoding = 4; lastKnownFileType = sourcecode.c.h; path = "BTApp+Protected.h"; sourceTree = "<group>"; };
		22DBA63C14DCB29100F0F7C8 /* BTApp+Package.h */ = {isa = PBXFileReference; fileEncoding = 4; lastKnownFileType = sourcecode.c.h; path = "BTApp+Package.h"; sourceTree = "<group>"; };
		22DBA63E14DCB64900F0F7C8 /* TestApp.h */ = {isa = PBXFileReference; fileEncoding = 4; lastKnownFileType = sourcecode.c.h; path = TestApp.h; sourceTree = "<group>"; };
		22DBA63F14DCB64900F0F7C8 /* TestApp.m */ = {isa = PBXFileReference; fileEncoding = 4; lastKnownFileType = sourcecode.c.objc; path = TestApp.m; sourceTree = "<group>"; };
		22E0A753152A311A009FDE09 /* BTEventSignal.h */ = {isa = PBXFileReference; fileEncoding = 4; lastKnownFileType = sourcecode.c.h; path = BTEventSignal.h; sourceTree = "<group>"; };
		22E0A754152A311A009FDE09 /* BTEventSignal.m */ = {isa = PBXFileReference; fileEncoding = 4; lastKnownFileType = sourcecode.c.objc; path = BTEventSignal.m; sourceTree = "<group>"; };
		22E0A75E152A3837009FDE09 /* BTEventSignal+Protected.h */ = {isa = PBXFileReference; fileEncoding = 4; lastKnownFileType = sourcecode.c.h; path = "BTEventSignal+Protected.h"; sourceTree = "<group>"; };
		22E0A760152A4404009FDE09 /* BTTouchEventSignals.h */ = {isa = PBXFileReference; fileEncoding = 4; lastKnownFileType = sourcecode.c.h; path = BTTouchEventSignals.h; sourceTree = "<group>"; };
		22E0A761152A4404009FDE09 /* BTTouchEventSignals.m */ = {isa = PBXFileReference; fileEncoding = 4; lastKnownFileType = sourcecode.c.objc; path = BTTouchEventSignals.m; sourceTree = "<group>"; };
		22F3373B14E89BAC00A17CCB /* GroupTestMode.h */ = {isa = PBXFileReference; fileEncoding = 4; lastKnownFileType = sourcecode.c.h; name = GroupTestMode.h; path = Integration/GroupTestMode.h; sourceTree = "<group>"; };
		22F3373C14E89BAC00A17CCB /* GroupTestMode.m */ = {isa = PBXFileReference; fileEncoding = 4; lastKnownFileType = sourcecode.c.objc; name = GroupTestMode.m; path = Integration/GroupTestMode.m; sourceTree = "<group>"; };
		22F979D814C0E23F00A6913B /* GDataXMLNode+BTExtensions.h */ = {isa = PBXFileReference; fileEncoding = 4; lastKnownFileType = sourcecode.c.h; path = "GDataXMLNode+BTExtensions.h"; sourceTree = "<group>"; };
		22F979D914C0E23F00A6913B /* GDataXMLNode+BTExtensions.m */ = {isa = PBXFileReference; fileEncoding = 4; lastKnownFileType = sourcecode.c.objc; path = "GDataXMLNode+BTExtensions.m"; sourceTree = "<group>"; };
		22F979DF14C0E23F00A6913B /* BTResource.h */ = {isa = PBXFileReference; fileEncoding = 4; lastKnownFileType = sourcecode.c.h; path = BTResource.h; sourceTree = "<group>"; };
		22F979E414C0E23F00A6913B /* BTResourceManager.h */ = {isa = PBXFileReference; fileEncoding = 4; lastKnownFileType = sourcecode.c.h; path = BTResourceManager.h; sourceTree = "<group>"; };
		22F979E514C0E23F00A6913B /* BTResourceManager.m */ = {isa = PBXFileReference; fileEncoding = 4; lastKnownFileType = sourcecode.c.objc; path = BTResourceManager.m; sourceTree = "<group>"; };
		22F979F814C0E36F00A6913B /* BTResourceFactory.h */ = {isa = PBXFileReference; fileEncoding = 4; lastKnownFileType = sourcecode.c.h; path = BTResourceFactory.h; sourceTree = "<group>"; };
		22F97A8F14C0EC8B00A6913B /* Betwixt.h */ = {isa = PBXFileReference; fileEncoding = 4; lastKnownFileType = sourcecode.c.h; path = Betwixt.h; sourceTree = "<group>"; };
		288765FC0DF74451002DB57D /* CoreGraphics.framework */ = {isa = PBXFileReference; lastKnownFileType = wrapper.framework; name = CoreGraphics.framework; path = System/Library/Frameworks/CoreGraphics.framework; sourceTree = SDKROOT; };
		32CA4F630368D1EE00C91783 /* Betwixt_Prefix.pch */ = {isa = PBXFileReference; fileEncoding = 4; lastKnownFileType = sourcecode.c.h; path = Betwixt_Prefix.pch; sourceTree = "<group>"; };
		8D1107310486CEB800E47090 /* Application-Info.plist */ = {isa = PBXFileReference; fileEncoding = 4; lastKnownFileType = text.plist.xml; path = "Application-Info.plist"; plistStructureDefinitionIdentifier = "com.apple.xcode.plist.structure-definition.iphone.info-plist"; sourceTree = "<group>"; };
		CB24CBC914A028F5004BAA57 /* BTLocationTask.h */ = {isa = PBXFileReference; fileEncoding = 4; lastKnownFileType = sourcecode.c.h; path = BTLocationTask.h; sourceTree = "<group>"; };
		CB24CBCA14A028F6004BAA57 /* BTLocationTask.m */ = {isa = PBXFileReference; fileEncoding = 4; lastKnownFileType = sourcecode.c.objc; path = BTLocationTask.m; sourceTree = "<group>"; };
		CB24CBCD14A02E10004BAA57 /* MoveMode.h */ = {isa = PBXFileReference; fileEncoding = 4; lastKnownFileType = sourcecode.c.h; name = MoveMode.h; path = Integration/MoveMode.h; sourceTree = "<group>"; };
		CB24CBCE14A02E10004BAA57 /* MoveMode.m */ = {isa = PBXFileReference; fileEncoding = 4; lastKnownFileType = sourcecode.c.objc; name = MoveMode.m; path = Integration/MoveMode.m; sourceTree = "<group>"; };
		CB24CBD114A115EF004BAA57 /* BTInterpolator.m */ = {isa = PBXFileReference; fileEncoding = 4; lastKnownFileType = sourcecode.c.objc; path = BTInterpolator.m; sourceTree = "<group>"; };
		CB24CBD214A115EF004BAA57 /* BTInterpolator.h */ = {isa = PBXFileReference; fileEncoding = 4; lastKnownFileType = sourcecode.c.h; path = BTInterpolator.h; sourceTree = "<group>"; };
		CB24CBD614A116AB004BAA57 /* BTSprite.h */ = {isa = PBXFileReference; fileEncoding = 4; lastKnownFileType = sourcecode.c.h; path = BTSprite.h; sourceTree = "<group>"; };
		CB24CBD714A116AB004BAA57 /* BTSprite.m */ = {isa = PBXFileReference; fileEncoding = 4; lastKnownFileType = sourcecode.c.objc; path = BTSprite.m; sourceTree = "<group>"; };
		CB323C6214A132390039A2F1 /* BTInterpolationTask.h */ = {isa = PBXFileReference; fileEncoding = 4; lastKnownFileType = sourcecode.c.h; path = BTInterpolationTask.h; sourceTree = "<group>"; };
		CB323C6314A132390039A2F1 /* BTInterpolationTask.m */ = {isa = PBXFileReference; fileEncoding = 4; lastKnownFileType = sourcecode.c.objc; path = BTInterpolationTask.m; sourceTree = "<group>"; };
		CB323C6614A134B60039A2F1 /* BTRotationTask.h */ = {isa = PBXFileReference; fileEncoding = 4; lastKnownFileType = sourcecode.c.h; path = BTRotationTask.h; sourceTree = "<group>"; };
		CB323C6714A134B60039A2F1 /* BTRotationTask.m */ = {isa = PBXFileReference; fileEncoding = 4; lastKnownFileType = sourcecode.c.objc; path = BTRotationTask.m; sourceTree = "<group>"; };
		CB323C6A14A138190039A2F1 /* BTAlphaTask.h */ = {isa = PBXFileReference; fileEncoding = 4; lastKnownFileType = sourcecode.c.h; path = BTAlphaTask.h; sourceTree = "<group>"; };
		CB323C6B14A138190039A2F1 /* BTAlphaTask.m */ = {isa = PBXFileReference; fileEncoding = 4; lastKnownFileType = sourcecode.c.objc; path = BTAlphaTask.m; sourceTree = "<group>"; };
		CB366FE4148ECC84004BE08B /* BTNodeContainer.h */ = {isa = PBXFileReference; fileEncoding = 4; lastKnownFileType = sourcecode.c.h; path = BTNodeContainer.h; sourceTree = "<group>"; };
		CB395DBC14B3D7F90093E37F /* BTDetachTask.h */ = {isa = PBXFileReference; fileEncoding = 4; lastKnownFileType = sourcecode.c.h; path = BTDetachTask.h; sourceTree = "<group>"; };
		CB395DBD14B3D7F90093E37F /* BTDetachTask.m */ = {isa = PBXFileReference; fileEncoding = 4; lastKnownFileType = sourcecode.c.objc; path = BTDetachTask.m; sourceTree = "<group>"; };
		CB442C6E14B3788800EB2821 /* BTMode+Package.h */ = {isa = PBXFileReference; fileEncoding = 4; lastKnownFileType = sourcecode.c.h; path = "BTMode+Package.h"; sourceTree = "<group>"; };
		CB442C7214B3800000EB2821 /* NamedNodeMode.h */ = {isa = PBXFileReference; fileEncoding = 4; lastKnownFileType = sourcecode.c.h; name = NamedNodeMode.h; path = Integration/NamedNodeMode.h; sourceTree = "<group>"; };
		CB442C7314B3800000EB2821 /* NamedNodeMode.m */ = {isa = PBXFileReference; fileEncoding = 4; lastKnownFileType = sourcecode.c.objc; name = NamedNodeMode.m; path = Integration/NamedNodeMode.m; sourceTree = "<group>"; };
		CB442C7514B3834200EB2821 /* BTWaitTask.h */ = {isa = PBXFileReference; fileEncoding = 4; lastKnownFileType = sourcecode.c.h; path = BTWaitTask.h; sourceTree = "<group>"; };
		CB442C7614B3834200EB2821 /* BTWaitTask.m */ = {isa = PBXFileReference; fileEncoding = 4; lastKnownFileType = sourcecode.c.objc; path = BTWaitTask.m; sourceTree = "<group>"; };
		CB442C7A14B3851A00EB2821 /* BTInterpolationTask+Protected.h */ = {isa = PBXFileReference; fileEncoding = 4; lastKnownFileType = sourcecode.c.h; path = "BTInterpolationTask+Protected.h"; sourceTree = "<group>"; };
		CB65CE2D14EC397E00534FAE /* BTTextureGroupFactory.h */ = {isa = PBXFileReference; fileEncoding = 4; lastKnownFileType = sourcecode.c.h; path = BTTextureGroupFactory.h; sourceTree = "<group>"; };
		CB65CE2E14EC397E00534FAE /* BTTextureGroupFactory.m */ = {isa = PBXFileReference; fileEncoding = 4; lastKnownFileType = sourcecode.c.objc; path = BTTextureGroupFactory.m; sourceTree = "<group>"; };
		CB65CE3114EC3B1F00534FAE /* BTMultiResourceFactory.h */ = {isa = PBXFileReference; fileEncoding = 4; lastKnownFileType = sourcecode.c.h; path = BTMultiResourceFactory.h; sourceTree = "<group>"; };
		CB65CE3514EC400200534FAE /* BTTextureResource+Package.h */ = {isa = PBXFileReference; fileEncoding = 4; lastKnownFileType = sourcecode.c.h; path = "BTTextureResource+Package.h"; sourceTree = "<group>"; };
		CB65CE3A14EC42F400534FAE /* squaredance */ = {isa = PBXFileReference; lastKnownFileType = folder; name = squaredance; path = Exported/squaredance; sourceTree = "<group>"; };
		CB65CE3C14EC44FF00534FAE /* shapes */ = {isa = PBXFileReference; lastKnownFileType = folder; name = shapes; path = Exported/shapes; sourceTree = "<group>"; };
		CB65CE3E14EC7EF200534FAE /* FlipbookMode.h */ = {isa = PBXFileReference; fileEncoding = 4; lastKnownFileType = sourcecode.c.h; name = FlipbookMode.h; path = Integration/FlipbookMode.h; sourceTree = "<group>"; };
		CB65CE3F14EC7EF200534FAE /* FlipbookMode.m */ = {isa = PBXFileReference; fileEncoding = 4; lastKnownFileType = sourcecode.c.objc; name = FlipbookMode.m; path = Integration/FlipbookMode.m; sourceTree = "<group>"; };
		CB65CE4114EC7F8300534FAE /* guybrush */ = {isa = PBXFileReference; lastKnownFileType = folder; name = guybrush; path = Exported/guybrush; sourceTree = "<group>"; };
		CB69E36F14D8C66D00E7C18D /* BTRepeatingTask.h */ = {isa = PBXFileReference; fileEncoding = 4; lastKnownFileType = sourcecode.c.h; path = BTRepeatingTask.h; sourceTree = "<group>"; };
		CB69E37014D8C66D00E7C18D /* BTRepeatingTask.m */ = {isa = PBXFileReference; fileEncoding = 4; lastKnownFileType = sourcecode.c.objc; path = BTRepeatingTask.m; sourceTree = "<group>"; };
		CB69E37314D8CADE00E7C18D /* RepeatingMode.h */ = {isa = PBXFileReference; fileEncoding = 4; lastKnownFileType = sourcecode.c.h; name = RepeatingMode.h; path = Integration/RepeatingMode.h; sourceTree = "<group>"; };
		CB69E37414D8CADE00E7C18D /* RepeatingMode.m */ = {isa = PBXFileReference; fileEncoding = 4; lastKnownFileType = sourcecode.c.objc; name = RepeatingMode.m; path = Integration/RepeatingMode.m; sourceTree = "<group>"; };
		CB69E37714D8D07E00E7C18D /* BTParallelTask.h */ = {isa = PBXFileReference; fileEncoding = 4; lastKnownFileType = sourcecode.c.h; path = BTParallelTask.h; sourceTree = "<group>"; };
		CB69E37814D8D07E00E7C18D /* BTParallelTask.m */ = {isa = PBXFileReference; fileEncoding = 4; lastKnownFileType = sourcecode.c.objc; path = BTParallelTask.m; sourceTree = "<group>"; };
		CB72E4A914773ED100F1EC78 /* Square.h */ = {isa = PBXFileReference; fileEncoding = 4; lastKnownFileType = sourcecode.c.h; name = Square.h; path = Integration/Square.h; sourceTree = "<group>"; };
		CB72E4AA14773ED100F1EC78 /* Square.m */ = {isa = PBXFileReference; fileEncoding = 4; lastKnownFileType = sourcecode.c.objc; name = Square.m; path = Integration/Square.m; sourceTree = "<group>"; };
		CB7ABCB4147C747C00EC6AEC /* BTModeStack+Package.h */ = {isa = PBXFileReference; fileEncoding = 4; lastKnownFileType = sourcecode.c.h; path = "BTModeStack+Package.h"; sourceTree = "<group>"; };
		CB846EED149AE18900B29795 /* react.xcodeproj */ = {isa = PBXFileReference; lastKnownFileType = "wrapper.pb-project"; name = react.xcodeproj; path = ../../../react.xcodeproj; sourceTree = REACT_SRC; };
		CB8F0D7A14E85EC4005985C8 /* BTDisplayObjectCreator.h */ = {isa = PBXFileReference; fileEncoding = 4; lastKnownFileType = sourcecode.c.h; path = BTDisplayObjectCreator.h; sourceTree = "<group>"; };
		CB8F0D7E14E85EF5005985C8 /* BTJugglerContainer.h */ = {isa = PBXFileReference; fileEncoding = 4; lastKnownFileType = sourcecode.c.h; path = BTJugglerContainer.h; sourceTree = "<group>"; };
		CBAD57941475A3A000F7D78E /* main.m */ = {isa = PBXFileReference; fileEncoding = 4; lastKnownFileType = sourcecode.c.objc; name = main.m; path = Integration/main.m; sourceTree = "<group>"; };
		CBAD57B31475A62B00F7D78E /* Betwixt Integration.app */ = {isa = PBXFileReference; explicitFileType = wrapper.application; includeInIndex = 0; path = "Betwixt Integration.app"; sourceTree = BUILT_PRODUCTS_DIR; };
		CBAD57CC1475A70100F7D78E /* SubObjectMode.h */ = {isa = PBXFileReference; fileEncoding = 4; lastKnownFileType = sourcecode.c.h; name = SubObjectMode.h; path = Integration/SubObjectMode.h; sourceTree = "<group>"; };
		CBAD57CD1475A70100F7D78E /* SubObjectMode.m */ = {isa = PBXFileReference; fileEncoding = 4; lastKnownFileType = sourcecode.c.objc; name = SubObjectMode.m; path = Integration/SubObjectMode.m; sourceTree = "<group>"; };
		CBAF5617149807B4009A1A06 /* SelfRemoveMode.h */ = {isa = PBXFileReference; fileEncoding = 4; lastKnownFileType = sourcecode.c.h; name = SelfRemoveMode.h; path = Integration/SelfRemoveMode.h; sourceTree = "<group>"; };
		CBAF5618149807B4009A1A06 /* SelfRemoveMode.m */ = {isa = PBXFileReference; fileEncoding = 4; lastKnownFileType = sourcecode.c.objc; name = SelfRemoveMode.m; path = Integration/SelfRemoveMode.m; sourceTree = "<group>"; };
		CBB86EDE1476669800D0C57E /* BTObject.h */ = {isa = PBXFileReference; fileEncoding = 4; lastKnownFileType = sourcecode.c.h; path = BTObject.h; sourceTree = "<group>"; };
		CBB86EDF1476669800D0C57E /* BTObject.m */ = {isa = PBXFileReference; fileEncoding = 4; lastKnownFileType = sourcecode.c.objc; path = BTObject.m; sourceTree = "<group>"; };
		CBB8CB911475A06400445316 /* libBetwixt.a */ = {isa = PBXFileReference; explicitFileType = archive.ar; includeInIndex = 0; path = libBetwixt.a; sourceTree = BUILT_PRODUCTS_DIR; };
		CBC4524014D20051008CC04D /* BTMovie.h */ = {isa = PBXFileReference; fileEncoding = 4; lastKnownFileType = sourcecode.c.h; path = BTMovie.h; sourceTree = "<group>"; };
		CBC4524114D20051008CC04D /* BTMovie.m */ = {isa = PBXFileReference; fileEncoding = 4; lastKnownFileType = sourcecode.c.objc; path = BTMovie.m; sourceTree = "<group>"; };
		CBC4524514D216A1008CC04D /* BTMovieResourceKeyframe.h */ = {isa = PBXFileReference; fileEncoding = 4; lastKnownFileType = sourcecode.c.h; path = BTMovieResourceKeyframe.h; sourceTree = "<group>"; };
		CBC4524614D216A1008CC04D /* BTMovieResourceKeyframe.m */ = {isa = PBXFileReference; fileEncoding = 4; lastKnownFileType = sourcecode.c.objc; path = BTMovieResourceKeyframe.m; sourceTree = "<group>"; };
		CBC4524714D216A1008CC04D /* BTMovieResourceLayer.h */ = {isa = PBXFileReference; fileEncoding = 4; lastKnownFileType = sourcecode.c.h; path = BTMovieResourceLayer.h; sourceTree = "<group>"; };
		CBC4524814D216A1008CC04D /* BTMovieResourceLayer.m */ = {isa = PBXFileReference; fileEncoding = 4; lastKnownFileType = sourcecode.c.objc; path = BTMovieResourceLayer.m; sourceTree = "<group>"; };
		CBC4524D14D21700008CC04D /* BTMovie+Package.h */ = {isa = PBXFileReference; fileEncoding = 4; lastKnownFileType = sourcecode.c.h; path = "BTMovie+Package.h"; sourceTree = "<group>"; };
		CBC4525E14D22F04008CC04D /* PlayMovieMode.h */ = {isa = PBXFileReference; fileEncoding = 4; lastKnownFileType = sourcecode.c.h; name = PlayMovieMode.h; path = Integration/PlayMovieMode.h; sourceTree = "<group>"; };
		CBC4525F14D22F04008CC04D /* PlayMovieMode.m */ = {isa = PBXFileReference; fileEncoding = 4; lastKnownFileType = sourcecode.c.objc; name = PlayMovieMode.m; path = Integration/PlayMovieMode.m; sourceTree = "<group>"; };
		CBC88FBF15459209005553D9 /* iPad */ = {isa = PBXFileReference; lastKnownFileType = folder; name = iPad; path = Exported/iPad; sourceTree = "<group>"; };
		CBC88FC015459209005553D9 /* iPhone */ = {isa = PBXFileReference; lastKnownFileType = folder; name = iPhone; path = Exported/iPhone; sourceTree = "<group>"; };
		CBD20D0614CF68D600662068 /* BTTextureResource.h */ = {isa = PBXFileReference; fileEncoding = 4; lastKnownFileType = sourcecode.c.h; path = BTTextureResource.h; sourceTree = "<group>"; };
		CBD20D0714CF68D600662068 /* BTTextureResource.m */ = {isa = PBXFileReference; fileEncoding = 4; lastKnownFileType = sourcecode.c.objc; path = BTTextureResource.m; sourceTree = "<group>"; };
		CBD20D0A14CF693700662068 /* BTMovieResource.h */ = {isa = PBXFileReference; fileEncoding = 4; lastKnownFileType = sourcecode.c.h; path = BTMovieResource.h; sourceTree = "<group>"; };
		CBD20D0B14CF693700662068 /* BTMovieResource.m */ = {isa = PBXFileReference; fileEncoding = 4; lastKnownFileType = sourcecode.c.objc; path = BTMovieResource.m; sourceTree = "<group>"; };
		CBE1F0D714A14D9E00B82344 /* BTNode.h */ = {isa = PBXFileReference; fileEncoding = 4; lastKnownFileType = sourcecode.c.h; path = BTNode.h; sourceTree = "<group>"; };
		CBE1F0D814A14D9E00B82344 /* BTNode.m */ = {isa = PBXFileReference; fileEncoding = 4; lastKnownFileType = sourcecode.c.objc; path = BTNode.m; sourceTree = "<group>"; };
		CBE1F0D914A14D9E00B82344 /* BTNode+Package.h */ = {isa = PBXFileReference; fileEncoding = 4; lastKnownFileType = sourcecode.c.h; path = "BTNode+Package.h"; sourceTree = "<group>"; };
		CBE1F0DF14A1554A00B82344 /* BTSequenceTask.h */ = {isa = PBXFileReference; fileEncoding = 4; lastKnownFileType = sourcecode.c.h; path = BTSequenceTask.h; sourceTree = "<group>"; };
		CBE1F0E014A1554A00B82344 /* BTSequenceTask.m */ = {isa = PBXFileReference; fileEncoding = 4; lastKnownFileType = sourcecode.c.objc; path = BTSequenceTask.m; sourceTree = "<group>"; };
		CBE1F0E314A1707500B82344 /* BTBlockTask.h */ = {isa = PBXFileReference; fileEncoding = 4; lastKnownFileType = sourcecode.c.h; path = BTBlockTask.h; sourceTree = "<group>"; };
		CBE1F0E414A1707500B82344 /* BTBlockTask.m */ = {isa = PBXFileReference; fileEncoding = 4; lastKnownFileType = sourcecode.c.objc; path = BTBlockTask.m; sourceTree = "<group>"; };
		CBF2AA9C14765EA5000C022D /* BTMode.h */ = {isa = PBXFileReference; fileEncoding = 4; lastKnownFileType = sourcecode.c.h; path = BTMode.h; sourceTree = "<group>"; };
		CBF2AA9D14765EA5000C022D /* BTMode.m */ = {isa = PBXFileReference; fileEncoding = 4; lastKnownFileType = sourcecode.c.objc; path = BTMode.m; sourceTree = "<group>"; };
		CBF2AA9E14765EA5000C022D /* BTModeStack.h */ = {isa = PBXFileReference; fileEncoding = 4; lastKnownFileType = sourcecode.c.h; path = BTModeStack.h; sourceTree = "<group>"; };
		CBF2AA9F14765EA5000C022D /* BTModeStack.m */ = {isa = PBXFileReference; fileEncoding = 4; lastKnownFileType = sourcecode.c.objc; path = BTModeStack.m; sourceTree = "<group>"; };
		DE3F093711B7B9DC009D4DB0 /* AVFoundation.framework */ = {isa = PBXFileReference; lastKnownFileType = wrapper.framework; name = AVFoundation.framework; path = System/Library/Frameworks/AVFoundation.framework; sourceTree = SDKROOT; };
		DE3F093911B7B9DC009D4DB0 /* AudioToolbox.framework */ = {isa = PBXFileReference; lastKnownFileType = wrapper.framework; name = AudioToolbox.framework; path = System/Library/Frameworks/AudioToolbox.framework; sourceTree = SDKROOT; };
		DE3F097711B7BABD009D4DB0 /* OpenAL.framework */ = {isa = PBXFileReference; lastKnownFileType = wrapper.framework; name = OpenAL.framework; path = System/Library/Frameworks/OpenAL.framework; sourceTree = SDKROOT; };
		DE4A3D7910FFB08200FDA492 /* OpenGLES.framework */ = {isa = PBXFileReference; lastKnownFileType = wrapper.framework; name = OpenGLES.framework; path = System/Library/Frameworks/OpenGLES.framework; sourceTree = SDKROOT; };
		DE4A3D7E10FFB08B00FDA492 /* QuartzCore.framework */ = {isa = PBXFileReference; lastKnownFileType = wrapper.framework; name = QuartzCore.framework; path = System/Library/Frameworks/QuartzCore.framework; sourceTree = SDKROOT; };
		DE4A3DA210FFB0D400FDA492 /* Sparrow.xcodeproj */ = {isa = PBXFileReference; lastKnownFileType = "wrapper.pb-project"; path = Sparrow.xcodeproj; sourceTree = SPARROW_SRC; };
		DE5C4E6D138ED109004892CA /* libz.dylib */ = {isa = PBXFileReference; lastKnownFileType = "compiled.mach-o.dylib"; name = libz.dylib; path = usr/lib/libz.dylib; sourceTree = SDKROOT; };
/* End PBXFileReference section */

/* Begin PBXFrameworksBuildPhase section */
		CBAD57B01475A62B00F7D78E /* Frameworks */ = {
			isa = PBXFrameworksBuildPhase;
			buildActionMask = 2147483647;
			files = (
				CBAD57D61475A7E200F7D78E /* AVFoundation.framework in Frameworks */,
				CBAD57D51475A7D800F7D78E /* AudioToolbox.framework in Frameworks */,
				CBAD57D41475A7D200F7D78E /* QuartzCore.framework in Frameworks */,
				CBAD57D31475A7B000F7D78E /* libz.dylib in Frameworks */,
				CBAD57D11475A7A200F7D78E /* OpenAL.framework in Frameworks */,
				CBAD57D21475A7A200F7D78E /* OpenGLES.framework in Frameworks */,
				CBAD57CA1475A6A500F7D78E /* libBetwixt.a in Frameworks */,
				CBAD57B51475A62B00F7D78E /* UIKit.framework in Frameworks */,
				CBAD57B61475A62B00F7D78E /* Foundation.framework in Frameworks */,
				CBAD57B71475A62B00F7D78E /* CoreGraphics.framework in Frameworks */,
			);
			runOnlyForDeploymentPostprocessing = 0;
		};
		CBB8CB8E1475A06400445316 /* Frameworks */ = {
			isa = PBXFrameworksBuildPhase;
			buildActionMask = 2147483647;
			files = (
				22E43AB21559CF81003A43B8 /* libcooocoa.a in Frameworks */,
				CB323C6114A11A530039A2F1 /* libreact.a in Frameworks */,
				CBAD578D1475A28C00F7D78E /* libSparrow.a in Frameworks */,
				CB602C711476603800E52CE2 /* libz.dylib in Frameworks */,
				CB602C721476603800E52CE2 /* AVFoundation.framework in Frameworks */,
				CB602C731476603800E52CE2 /* AudioToolbox.framework in Frameworks */,
				CB602C741476603800E52CE2 /* OpenAL.framework in Frameworks */,
				CB602C751476603800E52CE2 /* QuartzCore.framework in Frameworks */,
				CBAD57891475A28800F7D78E /* OpenGLES.framework in Frameworks */,
				CBAD578A1475A28800F7D78E /* UIKit.framework in Frameworks */,
				CBB8CB921475A06400445316 /* Foundation.framework in Frameworks */,
				CBAD57881475A28800F7D78E /* CoreGraphics.framework in Frameworks */,
			);
			runOnlyForDeploymentPostprocessing = 0;
		};
/* End PBXFrameworksBuildPhase section */

/* Begin PBXGroup section */
		080E96DDFE201D6D7F000001 /* Classes */ = {
			isa = PBXGroup;
			children = (
				22F97A8F14C0EC8B00A6913B /* Betwixt.h */,
				22DBA63C14DCB29100F0F7C8 /* BTApp+Package.h */,
				22DBA63714DCAF6200F0F7C8 /* BTApp+Protected.h */,
				2221999114D1F020009B764F /* BTApp.h */,
				2221999214D1F021009B764F /* BTApp.m */,
				22DB8232150AAA290091B648 /* BTDeviceType.h */,
				22DB8233150AAA290091B648 /* BTDeviceType.m */,
				CB8F0D7A14E85EC4005985C8 /* BTDisplayObjectCreator.h */,
				22C85F0814DB784900F9EC07 /* BTDisplayObject.h */,
				22C85F0914DB784A00F9EC07 /* BTDisplayObject.m */,
				229B463214D8C439005FC8E9 /* BTHasLocation.h */,
				22448DF714E09B20001CF5CE /* BTInput.h */,
				22448DF814E09B20001CF5CE /* BTInput.m */,
				CB24CBD114A115EF004BAA57 /* BTInterpolator.m */,
				CB24CBD214A115EF004BAA57 /* BTInterpolator.h */,
				CB8F0D7E14E85EF5005985C8 /* BTJugglerContainer.h */,
				CB442C6E14B3788800EB2821 /* BTMode+Package.h */,
				221B6F9714C8BC3200747A18 /* BTMode+Protected.h */,
				CBF2AA9C14765EA5000C022D /* BTMode.h */,
				CBF2AA9D14765EA5000C022D /* BTMode.m */,
				CB7ABCB4147C747C00EC6AEC /* BTModeStack+Package.h */,
				CBF2AA9E14765EA5000C022D /* BTModeStack.h */,
				CBF2AA9F14765EA5000C022D /* BTModeStack.m */,
				CBE1F0D914A14D9E00B82344 /* BTNode+Package.h */,
				22C85EB514DB344100F9EC07 /* BTNode+Protected.h */,
				CBE1F0D714A14D9E00B82344 /* BTNode.h */,
				CBE1F0D814A14D9E00B82344 /* BTNode.m */,
				CB366FE4148ECC84004BE08B /* BTNodeContainer.h */,
				CBB86EDE1476669800D0C57E /* BTObject.h */,
				CBB86EDF1476669800D0C57E /* BTObject.m */,
				CB24CBD614A116AB004BAA57 /* BTSprite.h */,
				CB24CBD714A116AB004BAA57 /* BTSprite.m */,
				2217E4CC14C79B90000F976A /* BTUpdatable.h */,
				22518DFD154384A5006E8494 /* Audio */,
				22448E8914E602FF001CF5CE /* Categories */,
				22C7178C14C0E0000014B656 /* Resources */,
				CBC4524414D21692008CC04D /* Movie */,
				CB24CBBB149FF75C004BAA57 /* Tasks */,
				2221998C14D0F7DA009B764F /* Utils */,
			);
			path = Classes;
			sourceTree = "<group>";
		};
		19C28FACFE9D520D11CA2CBB /* Products */ = {
			isa = PBXGroup;
			children = (
				CBB8CB911475A06400445316 /* libBetwixt.a */,
				CBAD57B31475A62B00F7D78E /* Betwixt Integration.app */,
			);
			name = Products;
			sourceTree = "<group>";
		};
		2221998C14D0F7DA009B764F /* Utils */ = {
			isa = PBXGroup;
			children = (
				220F63A8152E878B0051B383 /* BTButton+Protected.h */,
				220F63A6152E878B0051B383 /* BTButton.h */,
				220F63A7152E878B0051B383 /* BTButton.m */,
				220F63A9152E878B0051B383 /* BTDisplayObjectButton.h */,
				220F63AA152E878B0051B383 /* BTDisplayObjectButton.m */,
				22D46A921538DEB4005BAD6D /* BTDragger.h */,
				22D46A931538DEB4005BAD6D /* BTDragger.m */,
				22E0A75E152A3837009FDE09 /* BTEventSignal+Protected.h */,
				22E0A753152A311A009FDE09 /* BTEventSignal.h */,
				22E0A754152A311A009FDE09 /* BTEventSignal.m */,
				2221998D14D0F809009B764F /* BTLoadingMode.h */,
				2221998E14D0F809009B764F /* BTLoadingMode.m */,
				220F63AB152E878B0051B383 /* BTMovieButton.h */,
				220F63AC152E878B0051B383 /* BTMovieButton.m */,
				22C85EAB14DB225400F9EC07 /* BTPoints.h */,
				22C85EAC14DB225400F9EC07 /* BTPoints.m */,
				22E0A760152A4404009FDE09 /* BTTouchEventSignals.h */,
				22E0A761152A4404009FDE09 /* BTTouchEventSignals.m */,
				2244B7B015225855001DEACA /* SPPointI.h */,
				2244B7B115225856001DEACA /* SPPointI.m */,
			);
			name = Utils;
			sourceTree = "<group>";
		};
		22448E8914E602FF001CF5CE /* Categories */ = {
			isa = PBXGroup;
			children = (
				22F979D814C0E23F00A6913B /* GDataXMLNode+BTExtensions.h */,
				22F979D914C0E23F00A6913B /* GDataXMLNode+BTExtensions.m */,
				229B463414D8C525005FC8E9 /* SPDisplayObject+BTExtensions.h */,
				229B463514D8C525005FC8E9 /* SPDisplayObject+BTExtensions.m */,
				2290D8271502C99D009EED3D /* SPMatrix+BTExtensions.h */,
				2290D8281502C99D009EED3D /* SPMatrix+BTExtensions.m */,
				22448E2714E4A79D001CF5CE /* SPPoint+BTExtensions.h */,
				22448E2814E4A7A0001CF5CE /* SPPoint+BTExtensions.m */,
				22448E2B14E4A931001CF5CE /* SPRectangle+BTExtensions.h */,
				22448E2C14E4A933001CF5CE /* SPRectangle+BTExtensions.m */,
				22608C6B1505C2D300CCE0A5 /* SPView+BTExtensions.h */,
				22608C6C1505C2D300CCE0A5 /* SPView+BTExtensions.m */,
			);
			name = Categories;
			sourceTree = "<group>";
		};
		22518DFD154384A5006E8494 /* Audio */ = {
			isa = PBXGroup;
			children = (
				22400B2D1544F7A000B00D5E /* BTAudioChannel+Package.h */,
				22400B1A1544CA5000B00D5E /* BTAudioChannel.h */,
				22400B1B1544CA5000B00D5E /* BTAudioChannel.m */,
				22518E01154385F8006E8494 /* BTAudioControls.h */,
				22518E02154385F8006E8494 /* BTAudioControls.m */,
				22400B291544E22500B00D5E /* BTAudioManager.h */,
				22400B2A1544E22500B00D5E /* BTAudioManager.m */,
				22518E0515438628006E8494 /* BTAudioState.h */,
				22518E0615438628006E8494 /* BTAudioState.m */,
				22400B211544CD1400B00D5E /* BTSoundResource.h */,
				22400B221544CD1400B00D5E /* BTSoundResource.m */,
				22400B251544CEAE00B00D5E /* BTSoundType.h */,
				22400B261544CEAE00B00D5E /* BTSoundType.m */,
			);
			name = Audio;
			sourceTree = "<group>";
		};
		22C7178C14C0E0000014B656 /* Resources */ = {
			isa = PBXGroup;
			children = (
				CB65CE3114EC3B1F00534FAE /* BTMultiResourceFactory.h */,
				22F979DF14C0E23F00A6913B /* BTResource.h */,
				2221996C14D0EE98009B764F /* BTResource.m */,
				22F979F814C0E36F00A6913B /* BTResourceFactory.h */,
				22F979E414C0E23F00A6913B /* BTResourceManager.h */,
				22F979E514C0E23F00A6913B /* BTResourceManager.m */,
				CB65CE2D14EC397E00534FAE /* BTTextureGroupFactory.h */,
				CB65CE2E14EC397E00534FAE /* BTTextureGroupFactory.m */,
				CBD20D0614CF68D600662068 /* BTTextureResource.h */,
				CBD20D0714CF68D600662068 /* BTTextureResource.m */,
				CB65CE3514EC400200534FAE /* BTTextureResource+Package.h */,
			);
			name = Resources;
			sourceTree = "<group>";
		};
		22E43A551559B0BC003A43B8 /* Products */ = {
			isa = PBXGroup;
			children = (
				22E43A5A1559B0BC003A43B8 /* libcooocoa.a */,
				22E43A5C1559B0BC003A43B8 /* cooocoaTests.octest */,
			);
			name = Products;
			sourceTree = "<group>";
		};
		29B97314FDCFA39411CA2CEA /* CustomTemplate */ = {
			isa = PBXGroup;
			children = (
				229E28561557503B001452E5 /* cooocoa.xcodeproj */,
				CB846EED149AE18900B29795 /* react.xcodeproj */,
				DE4A3DA210FFB0D400FDA492 /* Sparrow.xcodeproj */,
				080E96DDFE201D6D7F000001 /* Classes */,
				CB65CE3914EC42DE00534FAE /* Exported */,
				CBAD57921475A33900F7D78E /* Integration */,
				29B97315FDCFA39411CA2CEA /* Other Sources */,
				29B97317FDCFA39411CA2CEA /* Resources */,
				29B97323FDCFA39411CA2CEA /* Frameworks */,
				19C28FACFE9D520D11CA2CBB /* Products */,
			);
			name = CustomTemplate;
			sourceTree = "<group>";
		};
		29B97315FDCFA39411CA2CEA /* Other Sources */ = {
			isa = PBXGroup;
			children = (
				32CA4F630368D1EE00C91783 /* Betwixt_Prefix.pch */,
			);
			name = "Other Sources";
			sourceTree = "<group>";
		};
		29B97317FDCFA39411CA2CEA /* Resources */ = {
			isa = PBXGroup;
			children = (
				8D1107310486CEB800E47090 /* Application-Info.plist */,
			);
			name = Resources;
			sourceTree = "<group>";
		};
		29B97323FDCFA39411CA2CEA /* Frameworks */ = {
			isa = PBXGroup;
			children = (
				DE5C4E6D138ED109004892CA /* libz.dylib */,
				DE3F093711B7B9DC009D4DB0 /* AVFoundation.framework */,
				DE3F093911B7B9DC009D4DB0 /* AudioToolbox.framework */,
				DE3F097711B7BABD009D4DB0 /* OpenAL.framework */,
				DE4A3D7E10FFB08B00FDA492 /* QuartzCore.framework */,
				DE4A3D7910FFB08200FDA492 /* OpenGLES.framework */,
				1DF5F4DF0D08C38300B7A737 /* UIKit.framework */,
				1D30AB110D05D00D00671497 /* Foundation.framework */,
				288765FC0DF74451002DB57D /* CoreGraphics.framework */,
			);
			name = Frameworks;
			sourceTree = "<group>";
		};
		CB24CBBB149FF75C004BAA57 /* Tasks */ = {
			isa = PBXGroup;
			children = (
				CB323C6A14A138190039A2F1 /* BTAlphaTask.h */,
				CB323C6B14A138190039A2F1 /* BTAlphaTask.m */,
				CBE1F0E314A1707500B82344 /* BTBlockTask.h */,
				CBE1F0E414A1707500B82344 /* BTBlockTask.m */,
				CB395DBC14B3D7F90093E37F /* BTDetachTask.h */,
				CB395DBD14B3D7F90093E37F /* BTDetachTask.m */,
				229B45FE14D87E05005FC8E9 /* BTDisplayObjectTask.h */,
				229B45FF14D87E05005FC8E9 /* BTDisplayObjectTask.m */,
				229B45C814D787F4005FC8E9 /* BTDurationTask+Protected.h */,
				229B45C114D786B5005FC8E9 /* BTDurationTask.h */,
				229B45C214D786B6005FC8E9 /* BTDurationTask.m */,
				CB442C7A14B3851A00EB2821 /* BTInterpolationTask+Protected.h */,
				CB323C6214A132390039A2F1 /* BTInterpolationTask.h */,
				CB323C6314A132390039A2F1 /* BTInterpolationTask.m */,
				CB24CBC914A028F5004BAA57 /* BTLocationTask.h */,
				CB24CBCA14A028F6004BAA57 /* BTLocationTask.m */,
				22D46AA0153CD2A1005BAD6D /* BTMovieTask.h */,
				22D46AA1153CD2A2005BAD6D /* BTMovieTask.m */,
				CB69E37714D8D07E00E7C18D /* BTParallelTask.h */,
				CB69E37814D8D07E00E7C18D /* BTParallelTask.m */,
				CB69E36F14D8C66D00E7C18D /* BTRepeatingTask.h */,
				CB69E37014D8C66D00E7C18D /* BTRepeatingTask.m */,
				CB323C6614A134B60039A2F1 /* BTRotationTask.h */,
				CB323C6714A134B60039A2F1 /* BTRotationTask.m */,
				22448E0C14E3356A001CF5CE /* BTScaleTask.h */,
				22448E0D14E3356A001CF5CE /* BTScaleTask.m */,
				CBE1F0DF14A1554A00B82344 /* BTSequenceTask.h */,
				CBE1F0E014A1554A00B82344 /* BTSequenceTask.m */,
				22D46A9C153CCE79005BAD6D /* BTSignalTask.h */,
				22D46A9D153CCE79005BAD6D /* BTSignalTask.m */,
				2208FC70151D207800669256 /* BTVisibilityTask.h */,
				2208FC71151D207800669256 /* BTVisibilityTask.m */,
				CB442C7514B3834200EB2821 /* BTWaitTask.h */,
				CB442C7614B3834200EB2821 /* BTWaitTask.m */,
			);
			name = Tasks;
			sourceTree = "<group>";
		};
		CB24CBE214A119EB004BAA57 /* Products */ = {
			isa = PBXGroup;
			children = (
				CB24CBE714A119EB004BAA57 /* libreact.a */,
				CB24CBE914A119EB004BAA57 /* reactTests.octest */,
			);
			name = Products;
			sourceTree = "<group>";
		};
		CB65CE3914EC42DE00534FAE /* Exported */ = {
			isa = PBXGroup;
			children = (
				CBC88FBF15459209005553D9 /* iPad */,
				CBC88FC015459209005553D9 /* iPhone */,
				CB65CE4114EC7F8300534FAE /* guybrush */,
				221516AB1513C45900C48FBB /* hero_A_01 */,
				CB65CE3C14EC44FF00534FAE /* shapes */,
				CB65CE3A14EC42F400534FAE /* squaredance */,
			);
			name = Exported;
			sourceTree = "<group>";
		};
		CBAD57921475A33900F7D78E /* Integration */ = {
			isa = PBXGroup;
			children = (
				CB65CE3E14EC7EF200534FAE /* FlipbookMode.h */,
				CB65CE3F14EC7EF200534FAE /* FlipbookMode.m */,
				22F3373B14E89BAC00A17CCB /* GroupTestMode.h */,
				22F3373C14E89BAC00A17CCB /* GroupTestMode.m */,
				22955A3D14EA1EB1006E5BEE /* LeakTestMode.h */,
				22955A3E14EA1EB1006E5BEE /* LeakTestMode.m */,
				CBAD57941475A3A000F7D78E /* main.m */,
				CB24CBCD14A02E10004BAA57 /* MoveMode.h */,
				CB24CBCE14A02E10004BAA57 /* MoveMode.m */,
				22608BDF1505AC4E00CCE0A5 /* MovieTestMode.h */,
				22608BE01505AC4E00CCE0A5 /* MovieTestMode.m */,
				CB442C7214B3800000EB2821 /* NamedNodeMode.h */,
				CB442C7314B3800000EB2821 /* NamedNodeMode.m */,
				CBC4525E14D22F04008CC04D /* PlayMovieMode.h */,
				CBC4525F14D22F04008CC04D /* PlayMovieMode.m */,
				CB69E37314D8CADE00E7C18D /* RepeatingMode.h */,
				CB69E37414D8CADE00E7C18D /* RepeatingMode.m */,
				CBAF5617149807B4009A1A06 /* SelfRemoveMode.h */,
				CBAF5618149807B4009A1A06 /* SelfRemoveMode.m */,
				CB72E4A914773ED100F1EC78 /* Square.h */,
				CB72E4AA14773ED100F1EC78 /* Square.m */,
				CBAD57CC1475A70100F7D78E /* SubObjectMode.h */,
				CBAD57CD1475A70100F7D78E /* SubObjectMode.m */,
				22DBA63E14DCB64900F0F7C8 /* TestApp.h */,
				22DBA63F14DCB64900F0F7C8 /* TestApp.m */,
			);
			name = Integration;
			sourceTree = "<group>";
		};
		CBC4524414D21692008CC04D /* Movie */ = {
			isa = PBXGroup;
			children = (
				CBC4524D14D21700008CC04D /* BTMovie+Package.h */,
				CBC4524014D20051008CC04D /* BTMovie.h */,
				CBC4524114D20051008CC04D /* BTMovie.m */,
				CBD20D0A14CF693700662068 /* BTMovieResource.h */,
				CBD20D0B14CF693700662068 /* BTMovieResource.m */,
				CBC4524514D216A1008CC04D /* BTMovieResourceKeyframe.h */,
				CBC4524614D216A1008CC04D /* BTMovieResourceKeyframe.m */,
				CBC4524714D216A1008CC04D /* BTMovieResourceLayer.h */,
				CBC4524814D216A1008CC04D /* BTMovieResourceLayer.m */,
			);
			name = Movie;
			sourceTree = "<group>";
		};
		DE4A3DAB10FFB0DB00FDA492 /* Products */ = {
			isa = PBXGroup;
			children = (
				DE4A3DB010FFB0DB00FDA492 /* libSparrow.a */,
				DE4A3DB210FFB0DB00FDA492 /* UnitTest.octest */,
			);
			name = Products;
			sourceTree = "<group>";
		};
/* End PBXGroup section */

/* Begin PBXHeadersBuildPhase section */
		CBB8CB8F1475A06400445316 /* Headers */ = {
			isa = PBXHeadersBuildPhase;
			buildActionMask = 2147483647;
			files = (
				CBF2AAA214765EA5000C022D /* BTMode.h in Headers */,
				CBF2AAA414765EA5000C022D /* BTModeStack.h in Headers */,
				CBB86EE01476669800D0C57E /* BTObject.h in Headers */,
				CB7ABCB5147C747C00EC6AEC /* BTModeStack+Package.h in Headers */,
				CB366FE6148ECC84004BE08B /* BTNodeContainer.h in Headers */,
				CB24CBCB14A028F6004BAA57 /* BTLocationTask.h in Headers */,
				CB24CBD514A115EF004BAA57 /* BTInterpolator.h in Headers */,
				CB24CBD814A116AC004BAA57 /* BTSprite.h in Headers */,
				CB323C6414A132390039A2F1 /* BTInterpolationTask.h in Headers */,
				CB323C6814A134B60039A2F1 /* BTRotationTask.h in Headers */,
				CB323C6C14A138190039A2F1 /* BTAlphaTask.h in Headers */,
				CBE1F0DA14A14D9E00B82344 /* BTNode.h in Headers */,
				CBE1F0DC14A14D9E00B82344 /* BTNode+Package.h in Headers */,
				CBE1F0E114A1554A00B82344 /* BTSequenceTask.h in Headers */,
				CBE1F0E514A1707500B82344 /* BTBlockTask.h in Headers */,
				CB442C7114B3788800EB2821 /* BTMode+Package.h in Headers */,
				CB442C7B14B3851A00EB2821 /* BTInterpolationTask+Protected.h in Headers */,
				CB395DBE14B3D7F90093E37F /* BTDetachTask.h in Headers */,
				22F979EA14C0E23F00A6913B /* GDataXMLNode+BTExtensions.h in Headers */,
				22F979F114C0E23F00A6913B /* BTResource.h in Headers */,
				22F979F614C0E23F00A6913B /* BTResourceManager.h in Headers */,
				22F979F914C0E36F00A6913B /* BTResourceFactory.h in Headers */,
				22F97A9014C0EC8B00A6913B /* Betwixt.h in Headers */,
				2217E4CD14C79B90000F976A /* BTUpdatable.h in Headers */,
				221B6F9814C8BC3200747A18 /* BTMode+Protected.h in Headers */,
				CBD20D0814CF68D600662068 /* BTTextureResource.h in Headers */,
				CBD20D0C14CF693700662068 /* BTMovieResource.h in Headers */,
				2221998F14D0F809009B764F /* BTLoadingMode.h in Headers */,
				2221999314D1F021009B764F /* BTApp.h in Headers */,
				CBC4524214D20051008CC04D /* BTMovie.h in Headers */,
				CBC4524914D216A1008CC04D /* BTMovieResourceKeyframe.h in Headers */,
				CBC4524B14D216A1008CC04D /* BTMovieResourceLayer.h in Headers */,
				CBC4524E14D21700008CC04D /* BTMovie+Package.h in Headers */,
				229B45C314D786B6005FC8E9 /* BTDurationTask.h in Headers */,
				229B45C914D787F5005FC8E9 /* BTDurationTask+Protected.h in Headers */,
				229B460014D87E05005FC8E9 /* BTDisplayObjectTask.h in Headers */,
				CB69E37114D8C66D00E7C18D /* BTRepeatingTask.h in Headers */,
				229B463314D8C439005FC8E9 /* BTHasLocation.h in Headers */,
				229B463614D8C525005FC8E9 /* SPDisplayObject+BTExtensions.h in Headers */,
				CB69E37914D8D07E00E7C18D /* BTParallelTask.h in Headers */,
				22C85EAD14DB225400F9EC07 /* BTPoints.h in Headers */,
				22C85EB614DB344100F9EC07 /* BTNode+Protected.h in Headers */,
				22C85F0A14DB784B00F9EC07 /* BTDisplayObject.h in Headers */,
				22DBA63814DCAF6200F0F7C8 /* BTApp+Protected.h in Headers */,
				22DBA63D14DCB29100F0F7C8 /* BTApp+Package.h in Headers */,
				22448DF914E09B20001CF5CE /* BTInput.h in Headers */,
				22448E0E14E3356A001CF5CE /* BTScaleTask.h in Headers */,
				22448E2914E4A7A4001CF5CE /* SPPoint+BTExtensions.h in Headers */,
				22448E2D14E4A938001CF5CE /* SPRectangle+BTExtensions.h in Headers */,
				CB8F0D7C14E85EC4005985C8 /* BTDisplayObjectCreator.h in Headers */,
				CB8F0D7F14E85EF5005985C8 /* BTJugglerContainer.h in Headers */,
				CB65CE2F14EC397E00534FAE /* BTTextureGroupFactory.h in Headers */,
				CB65CE3314EC3B1F00534FAE /* BTMultiResourceFactory.h in Headers */,
				CB65CE3714EC400200534FAE /* BTTextureResource+Package.h in Headers */,
				2290D8291502C99D009EED3D /* SPMatrix+BTExtensions.h in Headers */,
				22608C6D1505C2D300CCE0A5 /* SPView+BTExtensions.h in Headers */,
				22DB8234150AAA290091B648 /* BTDeviceType.h in Headers */,
				2208FC72151D207800669256 /* BTVisibilityTask.h in Headers */,
				2244B7B215225856001DEACA /* SPPointI.h in Headers */,
				22E0A755152A311A009FDE09 /* BTEventSignal.h in Headers */,
				22E0A75F152A3837009FDE09 /* BTEventSignal+Protected.h in Headers */,
				22E0A762152A4404009FDE09 /* BTTouchEventSignals.h in Headers */,
				220F63AD152E878B0051B383 /* BTButton.h in Headers */,
				220F63AF152E878B0051B383 /* BTButton+Protected.h in Headers */,
				220F63B0152E878B0051B383 /* BTDisplayObjectButton.h in Headers */,
				220F63B2152E878B0051B383 /* BTMovieButton.h in Headers */,
				22D46A941538DEB4005BAD6D /* BTDragger.h in Headers */,
				22D46A9E153CCE79005BAD6D /* BTSignalTask.h in Headers */,
				22D46AA2153CD2A2005BAD6D /* BTMovieTask.h in Headers */,
				22518E03154385F8006E8494 /* BTAudioControls.h in Headers */,
				22518E0715438628006E8494 /* BTAudioState.h in Headers */,
				22400B1C1544CA5000B00D5E /* BTAudioChannel.h in Headers */,
				22400B231544CD1400B00D5E /* BTSoundResource.h in Headers */,
				22400B271544CEAE00B00D5E /* BTSoundType.h in Headers */,
				22400B2B1544E22500B00D5E /* BTAudioManager.h in Headers */,
				22400B2E1544F7A000B00D5E /* BTAudioChannel+Package.h in Headers */,
			);
			runOnlyForDeploymentPostprocessing = 0;
		};
/* End PBXHeadersBuildPhase section */

/* Begin PBXNativeTarget section */
		CBAD57B21475A62B00F7D78E /* Betwixt Integration */ = {
			isa = PBXNativeTarget;
			buildConfigurationList = CBAD57C41475A62B00F7D78E /* Build configuration list for PBXNativeTarget "Betwixt Integration" */;
			buildPhases = (
				CBAD57AF1475A62B00F7D78E /* Sources */,
				CBAD57B01475A62B00F7D78E /* Frameworks */,
				CBAD57B11475A62B00F7D78E /* Resources */,
			);
			buildRules = (
			);
			dependencies = (
				22E7698015575D26006E96DB /* PBXTargetDependency */,
			);
			name = "Betwixt Integration";
			productName = BetwixtIntegration;
			productReference = CBAD57B31475A62B00F7D78E /* Betwixt Integration.app */;
			productType = "com.apple.product-type.application";
		};
		CBB8CB901475A06400445316 /* Betwixt */ = {
			isa = PBXNativeTarget;
			buildConfigurationList = CBB8CB991475A06400445316 /* Build configuration list for PBXNativeTarget "Betwixt" */;
			buildPhases = (
				CBB8CB8F1475A06400445316 /* Headers */,
				CBB8CB8D1475A06400445316 /* Sources */,
				CBB8CB8E1475A06400445316 /* Frameworks */,
			);
			buildRules = (
			);
			dependencies = (
				22E43AAC1559CF7B003A43B8 /* PBXTargetDependency */,
				22C7177314C0D7CE0014B656 /* PBXTargetDependency */,
				22C7176F14C0D7C80014B656 /* PBXTargetDependency */,
			);
			name = Betwixt;
			productName = Betwixtlib;
			productReference = CBB8CB911475A06400445316 /* libBetwixt.a */;
			productType = "com.apple.product-type.library.static";
		};
/* End PBXNativeTarget section */

/* Begin PBXProject section */
		29B97313FDCFA39411CA2CEA /* Project object */ = {
			isa = PBXProject;
			attributes = {
				LastUpgradeCheck = 0430;
				ORGANIZATIONNAME = "Three Rings Design";
			};
			buildConfigurationList = C01FCF4E08A954540054247B /* Build configuration list for PBXProject "Betwixt" */;
			compatibilityVersion = "Xcode 3.2";
			developmentRegion = English;
			hasScannedForEncodings = 1;
			knownRegions = (
				English,
				Japanese,
				French,
				German,
				en,
			);
			mainGroup = 29B97314FDCFA39411CA2CEA /* CustomTemplate */;
			projectDirPath = "";
			projectReferences = (
				{
					ProductGroup = 22E43A551559B0BC003A43B8 /* Products */;
					ProjectRef = 229E28561557503B001452E5 /* cooocoa.xcodeproj */;
				},
				{
					ProductGroup = CB24CBE214A119EB004BAA57 /* Products */;
					ProjectRef = CB846EED149AE18900B29795 /* react.xcodeproj */;
				},
				{
					ProductGroup = DE4A3DAB10FFB0DB00FDA492 /* Products */;
					ProjectRef = DE4A3DA210FFB0D400FDA492 /* Sparrow.xcodeproj */;
				},
			);
			projectRoot = "";
			targets = (
				CBB8CB901475A06400445316 /* Betwixt */,
				CBAD57B21475A62B00F7D78E /* Betwixt Integration */,
			);
		};
/* End PBXProject section */

/* Begin PBXReferenceProxy section */
		22E43A5A1559B0BC003A43B8 /* libcooocoa.a */ = {
			isa = PBXReferenceProxy;
			fileType = archive.ar;
			path = libcooocoa.a;
			remoteRef = 22E43A591559B0BC003A43B8 /* PBXContainerItemProxy */;
			sourceTree = BUILT_PRODUCTS_DIR;
		};
		22E43A5C1559B0BC003A43B8 /* cooocoaTests.octest */ = {
			isa = PBXReferenceProxy;
			fileType = wrapper.cfbundle;
			path = cooocoaTests.octest;
			remoteRef = 22E43A5B1559B0BC003A43B8 /* PBXContainerItemProxy */;
			sourceTree = BUILT_PRODUCTS_DIR;
		};
		CB24CBE714A119EB004BAA57 /* libreact.a */ = {
			isa = PBXReferenceProxy;
			fileType = archive.ar;
			path = libreact.a;
			remoteRef = CB24CBE614A119EB004BAA57 /* PBXContainerItemProxy */;
			sourceTree = BUILT_PRODUCTS_DIR;
		};
		CB24CBE914A119EB004BAA57 /* reactTests.octest */ = {
			isa = PBXReferenceProxy;
			fileType = wrapper.cfbundle;
			path = reactTests.octest;
			remoteRef = CB24CBE814A119EB004BAA57 /* PBXContainerItemProxy */;
			sourceTree = BUILT_PRODUCTS_DIR;
		};
		DE4A3DB010FFB0DB00FDA492 /* libSparrow.a */ = {
			isa = PBXReferenceProxy;
			fileType = archive.ar;
			path = libSparrow.a;
			remoteRef = DE4A3DAF10FFB0DB00FDA492 /* PBXContainerItemProxy */;
			sourceTree = BUILT_PRODUCTS_DIR;
		};
		DE4A3DB210FFB0DB00FDA492 /* UnitTest.octest */ = {
			isa = PBXReferenceProxy;
			fileType = wrapper.cfbundle;
			path = UnitTest.octest;
			remoteRef = DE4A3DB110FFB0DB00FDA492 /* PBXContainerItemProxy */;
			sourceTree = BUILT_PRODUCTS_DIR;
		};
/* End PBXReferenceProxy section */

/* Begin PBXResourcesBuildPhase section */
		CBAD57B11475A62B00F7D78E /* Resources */ = {
			isa = PBXResourcesBuildPhase;
			buildActionMask = 2147483647;
			files = (
				CB65CE3B14EC42F400534FAE /* squaredance in Resources */,
				CB65CE3D14EC44FF00534FAE /* shapes in Resources */,
				CB65CE4214EC7F8300534FAE /* guybrush in Resources */,
				221516AC1513C45900C48FBB /* hero_A_01 in Resources */,
				CBC88FC115459209005553D9 /* iPad in Resources */,
				CBC88FC215459209005553D9 /* iPhone in Resources */,
			);
			runOnlyForDeploymentPostprocessing = 0;
		};
/* End PBXResourcesBuildPhase section */

/* Begin PBXSourcesBuildPhase section */
		CBAD57AF1475A62B00F7D78E /* Sources */ = {
			isa = PBXSourcesBuildPhase;
			buildActionMask = 2147483647;
			files = (
				CBAD57D01475A75100F7D78E /* SubObjectMode.m in Sources */,
				CBAD57C71475A69500F7D78E /* main.m in Sources */,
				CBAF5619149807B5009A1A06 /* SelfRemoveMode.m in Sources */,
				CB24CBCF14A02E10004BAA57 /* MoveMode.m in Sources */,
				CB442C7414B3800000EB2821 /* NamedNodeMode.m in Sources */,
				22DBA64014DCB64900F0F7C8 /* TestApp.m in Sources */,
				22448E7414E5D4C1001CF5CE /* PlayMovieMode.m in Sources */,
				22448E7514E5D4D5001CF5CE /* RepeatingMode.m in Sources */,
				22448E7614E5D4DD001CF5CE /* Square.m in Sources */,
				22F3373D14E89BAC00A17CCB /* GroupTestMode.m in Sources */,
				22955A3F14EA1EB1006E5BEE /* LeakTestMode.m in Sources */,
				CB65CE4014EC7EF200534FAE /* FlipbookMode.m in Sources */,
				22608BE11505AC4E00CCE0A5 /* MovieTestMode.m in Sources */,
			);
			runOnlyForDeploymentPostprocessing = 0;
		};
		CBB8CB8D1475A06400445316 /* Sources */ = {
			isa = PBXSourcesBuildPhase;
			buildActionMask = 2147483647;
			files = (
				CB442C7914B3834E00EB2821 /* BTWaitTask.m in Sources */,
				CBF2AAA314765EA5000C022D /* BTMode.m in Sources */,
				CBF2AAA514765EA5000C022D /* BTModeStack.m in Sources */,
				CBB86EE11476669800D0C57E /* BTObject.m in Sources */,
				CB24CBCC14A028F6004BAA57 /* BTLocationTask.m in Sources */,
				CB24CBD414A115EF004BAA57 /* BTInterpolator.m in Sources */,
				CB24CBD914A116AC004BAA57 /* BTSprite.m in Sources */,
				CB323C6514A132390039A2F1 /* BTInterpolationTask.m in Sources */,
				CB323C6914A134B60039A2F1 /* BTRotationTask.m in Sources */,
				CB323C6D14A138190039A2F1 /* BTAlphaTask.m in Sources */,
				CBE1F0DB14A14D9E00B82344 /* BTNode.m in Sources */,
				CBE1F0E214A1554A00B82344 /* BTSequenceTask.m in Sources */,
				CBE1F0E614A1707500B82344 /* BTBlockTask.m in Sources */,
				CB395DBF14B3D7F90093E37F /* BTDetachTask.m in Sources */,
				22F979EB14C0E23F00A6913B /* GDataXMLNode+BTExtensions.m in Sources */,
				22F979F714C0E23F00A6913B /* BTResourceManager.m in Sources */,
				CBD20D0914CF68D600662068 /* BTTextureResource.m in Sources */,
				CBD20D0D14CF693700662068 /* BTMovieResource.m in Sources */,
				2221996D14D0EE99009B764F /* BTResource.m in Sources */,
				2221999014D0F809009B764F /* BTLoadingMode.m in Sources */,
				2221999414D1F021009B764F /* BTApp.m in Sources */,
				CBC4524314D20051008CC04D /* BTMovie.m in Sources */,
				CBC4524A14D216A1008CC04D /* BTMovieResourceKeyframe.m in Sources */,
				CBC4524C14D216A1008CC04D /* BTMovieResourceLayer.m in Sources */,
				229B45C414D786B6005FC8E9 /* BTDurationTask.m in Sources */,
				229B460114D87E05005FC8E9 /* BTDisplayObjectTask.m in Sources */,
				CB69E37214D8C66D00E7C18D /* BTRepeatingTask.m in Sources */,
				229B463714D8C525005FC8E9 /* SPDisplayObject+BTExtensions.m in Sources */,
				CB69E37A14D8D07E00E7C18D /* BTParallelTask.m in Sources */,
				22C85EAE14DB225400F9EC07 /* BTPoints.m in Sources */,
				22C85F0B14DB784B00F9EC07 /* BTDisplayObject.m in Sources */,
				22448DFA14E09B20001CF5CE /* BTInput.m in Sources */,
				22448E0F14E3356A001CF5CE /* BTScaleTask.m in Sources */,
				22448E2A14E4A7A4001CF5CE /* SPPoint+BTExtensions.m in Sources */,
				22448E2E14E4A938001CF5CE /* SPRectangle+BTExtensions.m in Sources */,
				CB65CE3014EC397E00534FAE /* BTTextureGroupFactory.m in Sources */,
				2290D82A1502C99D009EED3D /* SPMatrix+BTExtensions.m in Sources */,
				22608C6E1505C2D300CCE0A5 /* SPView+BTExtensions.m in Sources */,
				22DB8235150AAA290091B648 /* BTDeviceType.m in Sources */,
				2208FC73151D207800669256 /* BTVisibilityTask.m in Sources */,
				2244B7B315225856001DEACA /* SPPointI.m in Sources */,
				22E0A756152A311A009FDE09 /* BTEventSignal.m in Sources */,
				22E0A763152A4404009FDE09 /* BTTouchEventSignals.m in Sources */,
				220F63AE152E878B0051B383 /* BTButton.m in Sources */,
				220F63B1152E878B0051B383 /* BTDisplayObjectButton.m in Sources */,
				220F63B3152E878B0051B383 /* BTMovieButton.m in Sources */,
				22D46A951538DEB4005BAD6D /* BTDragger.m in Sources */,
				22D46A9F153CCE79005BAD6D /* BTSignalTask.m in Sources */,
				22D46AA3153CD2A2005BAD6D /* BTMovieTask.m in Sources */,
				22518E04154385F8006E8494 /* BTAudioControls.m in Sources */,
				22518E0815438628006E8494 /* BTAudioState.m in Sources */,
				22400B1D1544CA5000B00D5E /* BTAudioChannel.m in Sources */,
				22400B241544CD1400B00D5E /* BTSoundResource.m in Sources */,
				22400B281544CEAE00B00D5E /* BTSoundType.m in Sources */,
				22400B2C1544E22500B00D5E /* BTAudioManager.m in Sources */,
			);
			runOnlyForDeploymentPostprocessing = 0;
		};
/* End PBXSourcesBuildPhase section */

/* Begin PBXTargetDependency section */
		22C7176F14C0D7C80014B656 /* PBXTargetDependency */ = {
			isa = PBXTargetDependency;
			name = react;
			targetProxy = 22C7176E14C0D7C80014B656 /* PBXContainerItemProxy */;
		};
		22C7177314C0D7CE0014B656 /* PBXTargetDependency */ = {
			isa = PBXTargetDependency;
			name = Sparrow;
			targetProxy = 22C7177214C0D7CE0014B656 /* PBXContainerItemProxy */;
		};
		22E43AAC1559CF7B003A43B8 /* PBXTargetDependency */ = {
			isa = PBXTargetDependency;
			name = cooocoa;
			targetProxy = 22E43AAB1559CF7B003A43B8 /* PBXContainerItemProxy */;
		};
		22E7698015575D26006E96DB /* PBXTargetDependency */ = {
			isa = PBXTargetDependency;
			target = CBB8CB901475A06400445316 /* Betwixt */;
			targetProxy = 22E7697F15575D26006E96DB /* PBXContainerItemProxy */;
		};
/* End PBXTargetDependency section */

/* Begin XCBuildConfiguration section */
		C01FCF4F08A954540054247B /* Debug */ = {
			isa = XCBuildConfiguration;
			buildSettings = {
				ARCHS = "$(ARCHS_STANDARD_32_BIT)";
				CLANG_ENABLE_OBJC_ARC = YES;
				"CODE_SIGN_IDENTITY[sdk=iphoneos*]" = "iPhone Developer";
				GCC_C_LANGUAGE_STANDARD = c99;
				GCC_THUMB_SUPPORT = NO;
				GCC_WARN_ABOUT_RETURN_TYPE = YES;
				GCC_WARN_UNUSED_VARIABLE = YES;
				HEADER_SEARCH_PATHS = /usr/include/libxml2;
				IPHONEOS_DEPLOYMENT_TARGET = 5.0;
				OTHER_LDFLAGS = (
					"-ObjC",
					"-all_load",
					"-lxml2",
				);
				PRODUCT_NAME = Betwixt;
				SDKROOT = iphoneos;
				USER_HEADER_SEARCH_PATHS = "${REACT_SRC}/** ${SPARROW_SRC}/** ${COOOCOA_SRC}/**";
			};
			name = Debug;
		};
		C01FCF5008A954540054247B /* Release */ = {
			isa = XCBuildConfiguration;
			buildSettings = {
				ARCHS = "$(ARCHS_STANDARD_32_BIT)";
				CLANG_ENABLE_OBJC_ARC = YES;
				"CODE_SIGN_IDENTITY[sdk=iphoneos*]" = "iPhone Developer";
				GCC_C_LANGUAGE_STANDARD = c99;
				GCC_THUMB_SUPPORT = NO;
				GCC_WARN_ABOUT_RETURN_TYPE = YES;
				GCC_WARN_UNUSED_VARIABLE = YES;
				HEADER_SEARCH_PATHS = /usr/include/libxml2;
				IPHONEOS_DEPLOYMENT_TARGET = 5.0;
				OTHER_LDFLAGS = (
					"-ObjC",
					"-all_load",
					"-lxml2",
				);
				PRODUCT_NAME = Betwixt;
				SDKROOT = iphoneos;
				USER_HEADER_SEARCH_PATHS = "${REACT_SRC}/** ${SPARROW_SRC}/** ${COOOCOA_SRC}/**";
			};
			name = Release;
		};
		CBAD57C51475A62B00F7D78E /* Debug */ = {
			isa = XCBuildConfiguration;
			buildSettings = {
				ALWAYS_SEARCH_USER_PATHS = NO;
				"CODE_SIGN_IDENTITY[sdk=iphoneos*]" = "iPhone Developer";
				COPY_PHASE_STRIP = NO;
				GCC_C_LANGUAGE_STANDARD = gnu99;
				GCC_DYNAMIC_NO_PIC = NO;
				GCC_OPTIMIZATION_LEVEL = 0;
				GCC_PRECOMPILE_PREFIX_HEADER = YES;
				GCC_PREFIX_HEADER = Betwixt_Prefix.pch;
				GCC_PREPROCESSOR_DEFINITIONS = (
					"DEBUG=1",
					"$(inherited)",
				);
				GCC_SYMBOLS_PRIVATE_EXTERN = NO;
				GCC_VERSION = com.apple.compilers.llvm.clang.1_0;
				GCC_WARN_ABOUT_MISSING_PROTOTYPES = YES;
				INFOPLIST_FILE = "Integration/Integration-Info.plist";
				IPHONEOS_DEPLOYMENT_TARGET = 5.0;
				PRODUCT_NAME = "$(TARGET_NAME)";
				WRAPPER_EXTENSION = app;
			};
			name = Debug;
		};
		CBAD57C61475A62B00F7D78E /* Release */ = {
			isa = XCBuildConfiguration;
			buildSettings = {
				ALWAYS_SEARCH_USER_PATHS = NO;
				"CODE_SIGN_IDENTITY[sdk=iphoneos*]" = "iPhone Developer";
				COPY_PHASE_STRIP = YES;
				GCC_C_LANGUAGE_STANDARD = gnu99;
				GCC_PRECOMPILE_PREFIX_HEADER = YES;
				GCC_PREFIX_HEADER = Betwixt_Prefix.pch;
				GCC_VERSION = com.apple.compilers.llvm.clang.1_0;
				GCC_WARN_ABOUT_MISSING_PROTOTYPES = YES;
				INFOPLIST_FILE = "Integration/Integration-Info.plist";
				IPHONEOS_DEPLOYMENT_TARGET = 5.0;
				OTHER_CFLAGS = "-DNS_BLOCK_ASSERTIONS=1";
				PRODUCT_NAME = "$(TARGET_NAME)";
				VALIDATE_PRODUCT = YES;
				WRAPPER_EXTENSION = app;
			};
			name = Release;
		};
		CBB8CB9A1475A06400445316 /* Debug */ = {
			isa = XCBuildConfiguration;
			buildSettings = {
				ALWAYS_SEARCH_USER_PATHS = NO;
				COPY_PHASE_STRIP = NO;
				DSTROOT = /tmp/Betwixtlib.dst;
				GCC_C_LANGUAGE_STANDARD = c99;
				GCC_DYNAMIC_NO_PIC = NO;
				GCC_OPTIMIZATION_LEVEL = 0;
				GCC_PRECOMPILE_PREFIX_HEADER = YES;
				GCC_PREFIX_HEADER = Betwixt_Prefix.pch;
				GCC_PREPROCESSOR_DEFINITIONS = (
					"DEBUG=1",
					"$(inherited)",
				);
				GCC_SYMBOLS_PRIVATE_EXTERN = NO;
				GCC_VERSION = com.apple.compilers.llvm.clang.1_0;
				GCC_WARN_ABOUT_MISSING_PROTOTYPES = YES;
				IPHONEOS_DEPLOYMENT_TARGET = 5.0;
				OTHER_LDFLAGS = (
					"-all_load",
					"-ObjC",
				);
				PRODUCT_NAME = "$(TARGET_NAME)";
				SKIP_INSTALL = YES;
			};
			name = Debug;
		};
		CBB8CB9B1475A06400445316 /* Release */ = {
			isa = XCBuildConfiguration;
			buildSettings = {
				ALWAYS_SEARCH_USER_PATHS = NO;
				COPY_PHASE_STRIP = YES;
				DSTROOT = /tmp/Betwixtlib.dst;
				GCC_C_LANGUAGE_STANDARD = c99;
				GCC_PRECOMPILE_PREFIX_HEADER = YES;
				GCC_PREFIX_HEADER = Betwixt_Prefix.pch;
				GCC_VERSION = com.apple.compilers.llvm.clang.1_0;
				GCC_WARN_ABOUT_MISSING_PROTOTYPES = YES;
				IPHONEOS_DEPLOYMENT_TARGET = 5.0;
				OTHER_LDFLAGS = (
					"-all_load",
					"-ObjC",
				);
				PRODUCT_NAME = "$(TARGET_NAME)";
				SKIP_INSTALL = YES;
				VALIDATE_PRODUCT = YES;
			};
			name = Release;
		};
/* End XCBuildConfiguration section */

/* Begin XCConfigurationList section */
		C01FCF4E08A954540054247B /* Build configuration list for PBXProject "Betwixt" */ = {
			isa = XCConfigurationList;
			buildConfigurations = (
				C01FCF4F08A954540054247B /* Debug */,
				C01FCF5008A954540054247B /* Release */,
			);
			defaultConfigurationIsVisible = 0;
			defaultConfigurationName = Release;
		};
		CBAD57C41475A62B00F7D78E /* Build configuration list for PBXNativeTarget "Betwixt Integration" */ = {
			isa = XCConfigurationList;
			buildConfigurations = (
				CBAD57C51475A62B00F7D78E /* Debug */,
				CBAD57C61475A62B00F7D78E /* Release */,
			);
			defaultConfigurationIsVisible = 0;
			defaultConfigurationName = Release;
		};
		CBB8CB991475A06400445316 /* Build configuration list for PBXNativeTarget "Betwixt" */ = {
			isa = XCConfigurationList;
			buildConfigurations = (
				CBB8CB9A1475A06400445316 /* Debug */,
				CBB8CB9B1475A06400445316 /* Release */,
			);
			defaultConfigurationIsVisible = 0;
			defaultConfigurationName = Release;
		};
/* End XCConfigurationList section */
	};
	rootObject = 29B97313FDCFA39411CA2CEA /* Project object */;
}
