// !$*UTF8*$!
{
	archiveVersion = 1;
	classes = {
	};
	objectVersion = 46;
	objects = {

/* Begin PBXBuildFile section */
		CB366FE6148ECC84004BE08B /* BTContext.h in Headers */ = {isa = PBXBuildFile; fileRef = CB366FE4148ECC84004BE08B /* BTContext.h */; };
		CB366FE7148ECC84004BE08B /* BTContext.m in Sources */ = {isa = PBXBuildFile; fileRef = CB366FE5148ECC84004BE08B /* BTContext.m */; };
		CB366FEB148EE7C6004BE08B /* BTLocationTask.h in Headers */ = {isa = PBXBuildFile; fileRef = CB366FE9148EE7C6004BE08B /* BTLocationTask.h */; };
		CB366FEC148EE7C6004BE08B /* BTLocationTask.m in Sources */ = {isa = PBXBuildFile; fileRef = CB366FEA148EE7C6004BE08B /* BTLocationTask.m */; };
		CB602C711476603800E52CE2 /* libz.dylib in Frameworks */ = {isa = PBXBuildFile; fileRef = DE5C4E6D138ED109004892CA /* libz.dylib */; };
		CB602C721476603800E52CE2 /* AVFoundation.framework in Frameworks */ = {isa = PBXBuildFile; fileRef = DE3F093711B7B9DC009D4DB0 /* AVFoundation.framework */; };
		CB602C731476603800E52CE2 /* AudioToolbox.framework in Frameworks */ = {isa = PBXBuildFile; fileRef = DE3F093911B7B9DC009D4DB0 /* AudioToolbox.framework */; };
		CB602C741476603800E52CE2 /* OpenAL.framework in Frameworks */ = {isa = PBXBuildFile; fileRef = DE3F097711B7BABD009D4DB0 /* OpenAL.framework */; };
		CB602C751476603800E52CE2 /* QuartzCore.framework in Frameworks */ = {isa = PBXBuildFile; fileRef = DE4A3D7E10FFB08B00FDA492 /* QuartzCore.framework */; };
		CB72E4AB14773ED200F1EC78 /* Square.h in Headers */ = {isa = PBXBuildFile; fileRef = CB72E4A914773ED100F1EC78 /* Square.h */; };
		CB72E4AC14773ED200F1EC78 /* Square.m in Sources */ = {isa = PBXBuildFile; fileRef = CB72E4AA14773ED100F1EC78 /* Square.m */; };
		CB7ABCAE147C52D400EC6AEC /* SPEventDispatcher+BlockListener.h in Headers */ = {isa = PBXBuildFile; fileRef = CB7ABCAC147C52D400EC6AEC /* SPEventDispatcher+BlockListener.h */; };
		CB7ABCAF147C52D400EC6AEC /* SPEventDispatcher+BlockListener.m in Sources */ = {isa = PBXBuildFile; fileRef = CB7ABCAD147C52D400EC6AEC /* SPEventDispatcher+BlockListener.m */; };
		CB7ABCB2147C5EFB00EC6AEC /* BTGeneration+Package.h in Headers */ = {isa = PBXBuildFile; fileRef = CB7ABCB0147C5EFB00EC6AEC /* BTGeneration+Package.h */; };
		CB7ABCB5147C747C00EC6AEC /* BTModeStack+Package.h in Headers */ = {isa = PBXBuildFile; fileRef = CB7ABCB4147C747C00EC6AEC /* BTModeStack+Package.h */; };
		CBAD57881475A28800F7D78E /* CoreGraphics.framework in Frameworks */ = {isa = PBXBuildFile; fileRef = 288765FC0DF74451002DB57D /* CoreGraphics.framework */; };
		CBAD57891475A28800F7D78E /* OpenGLES.framework in Frameworks */ = {isa = PBXBuildFile; fileRef = DE4A3D7910FFB08200FDA492 /* OpenGLES.framework */; };
		CBAD578A1475A28800F7D78E /* UIKit.framework in Frameworks */ = {isa = PBXBuildFile; fileRef = 1DF5F4DF0D08C38300B7A737 /* UIKit.framework */; };
		CBAD578D1475A28C00F7D78E /* libSparrow.a in Frameworks */ = {isa = PBXBuildFile; fileRef = DE4A3DB010FFB0DB00FDA492 /* libSparrow.a */; };
		CBAD57991475A4EE00F7D78E /* TestApplicationDelegate.h in Headers */ = {isa = PBXBuildFile; fileRef = CBAD57971475A4EE00F7D78E /* TestApplicationDelegate.h */; };
		CBAD57B51475A62B00F7D78E /* UIKit.framework in Frameworks */ = {isa = PBXBuildFile; fileRef = 1DF5F4DF0D08C38300B7A737 /* UIKit.framework */; };
		CBAD57B61475A62B00F7D78E /* Foundation.framework in Frameworks */ = {isa = PBXBuildFile; fileRef = 1D30AB110D05D00D00671497 /* Foundation.framework */; };
		CBAD57B71475A62B00F7D78E /* CoreGraphics.framework in Frameworks */ = {isa = PBXBuildFile; fileRef = 288765FC0DF74451002DB57D /* CoreGraphics.framework */; };
		CBAD57C71475A69500F7D78E /* main.m in Sources */ = {isa = PBXBuildFile; fileRef = CBAD57941475A3A000F7D78E /* main.m */; };
		CBAD57C91475A69500F7D78E /* TestApplicationDelegate.m in Sources */ = {isa = PBXBuildFile; fileRef = CBAD57981475A4EE00F7D78E /* TestApplicationDelegate.m */; };
		CBAD57CA1475A6A500F7D78E /* libBetwixt.a in Frameworks */ = {isa = PBXBuildFile; fileRef = CBB8CB911475A06400445316 /* libBetwixt.a */; };
		CBAD57CE1475A70100F7D78E /* SubObjectMode.h in Headers */ = {isa = PBXBuildFile; fileRef = CBAD57CC1475A70100F7D78E /* SubObjectMode.h */; };
		CBAD57D01475A75100F7D78E /* SubObjectMode.m in Sources */ = {isa = PBXBuildFile; fileRef = CBAD57CD1475A70100F7D78E /* SubObjectMode.m */; };
		CBAD57D11475A7A200F7D78E /* OpenAL.framework in Frameworks */ = {isa = PBXBuildFile; fileRef = DE3F097711B7BABD009D4DB0 /* OpenAL.framework */; };
		CBAD57D21475A7A200F7D78E /* OpenGLES.framework in Frameworks */ = {isa = PBXBuildFile; fileRef = DE4A3D7910FFB08200FDA492 /* OpenGLES.framework */; };
		CBAD57D31475A7B000F7D78E /* libz.dylib in Frameworks */ = {isa = PBXBuildFile; fileRef = DE5C4E6D138ED109004892CA /* libz.dylib */; };
		CBAD57D41475A7D200F7D78E /* QuartzCore.framework in Frameworks */ = {isa = PBXBuildFile; fileRef = DE4A3D7E10FFB08B00FDA492 /* QuartzCore.framework */; };
		CBAD57D51475A7D800F7D78E /* AudioToolbox.framework in Frameworks */ = {isa = PBXBuildFile; fileRef = DE3F093911B7B9DC009D4DB0 /* AudioToolbox.framework */; };
		CBAD57D61475A7E200F7D78E /* AVFoundation.framework in Frameworks */ = {isa = PBXBuildFile; fileRef = DE3F093711B7B9DC009D4DB0 /* AVFoundation.framework */; };
		CBB86EE01476669800D0C57E /* BTObject.h in Headers */ = {isa = PBXBuildFile; fileRef = CBB86EDE1476669800D0C57E /* BTObject.h */; };
		CBB86EE11476669800D0C57E /* BTObject.m in Sources */ = {isa = PBXBuildFile; fileRef = CBB86EDF1476669800D0C57E /* BTObject.m */; };
		CBB86EE4147666AA00D0C57E /* BTGeneration.h in Headers */ = {isa = PBXBuildFile; fileRef = CBB86EE2147666AA00D0C57E /* BTGeneration.h */; };
		CBB86EE5147666AA00D0C57E /* BTGeneration.m in Sources */ = {isa = PBXBuildFile; fileRef = CBB86EE3147666AA00D0C57E /* BTGeneration.m */; };
		CBB8CB921475A06400445316 /* Foundation.framework in Frameworks */ = {isa = PBXBuildFile; fileRef = 1D30AB110D05D00D00671497 /* Foundation.framework */; };
		CBD63C7F147AFBA10006E811 /* NSObject+BlockObservation.h in Headers */ = {isa = PBXBuildFile; fileRef = CBD63C7D147AFBA10006E811 /* NSObject+BlockObservation.h */; };
		CBD63C80147AFBA10006E811 /* NSObject+BlockObservation.m in Sources */ = {isa = PBXBuildFile; fileRef = CBD63C7E147AFBA10006E811 /* NSObject+BlockObservation.m */; settings = {COMPILER_FLAGS = "-fno-objc-arc"; }; };
		CBF2AAA014765EA5000C022D /* BTApplicationDelegate.h in Headers */ = {isa = PBXBuildFile; fileRef = CBF2AA9A14765EA5000C022D /* BTApplicationDelegate.h */; };
		CBF2AAA114765EA5000C022D /* BTApplicationDelegate.m in Sources */ = {isa = PBXBuildFile; fileRef = CBF2AA9B14765EA5000C022D /* BTApplicationDelegate.m */; };
		CBF2AAA214765EA5000C022D /* BTMode.h in Headers */ = {isa = PBXBuildFile; fileRef = CBF2AA9C14765EA5000C022D /* BTMode.h */; };
		CBF2AAA314765EA5000C022D /* BTMode.m in Sources */ = {isa = PBXBuildFile; fileRef = CBF2AA9D14765EA5000C022D /* BTMode.m */; };
		CBF2AAA414765EA5000C022D /* BTModeStack.h in Headers */ = {isa = PBXBuildFile; fileRef = CBF2AA9E14765EA5000C022D /* BTModeStack.h */; };
		CBF2AAA514765EA5000C022D /* BTModeStack.m in Sources */ = {isa = PBXBuildFile; fileRef = CBF2AA9F14765EA5000C022D /* BTModeStack.m */; };
/* End PBXBuildFile section */

/* Begin PBXContainerItemProxy section */
		DE4A3DAF10FFB0DB00FDA492 /* PBXContainerItemProxy */ = {
			isa = PBXContainerItemProxy;
			containerPortal = DE4A3DA210FFB0D400FDA492 /* Sparrow.xcodeproj */;
			proxyType = 2;
			remoteGlobalIDString = DEFE4BC2101B317600E22471;
			remoteInfo = Sparrow;
		};
		DE4A3DB110FFB0DB00FDA492 /* PBXContainerItemProxy */ = {
			isa = PBXContainerItemProxy;
			containerPortal = DE4A3DA210FFB0D400FDA492 /* Sparrow.xcodeproj */;
			proxyType = 2;
			remoteGlobalIDString = DEEA9335101E32A30071DD21;
			remoteInfo = UnitTests;
		};
/* End PBXContainerItemProxy section */

/* Begin PBXFileReference section */
		1D30AB110D05D00D00671497 /* Foundation.framework */ = {isa = PBXFileReference; lastKnownFileType = wrapper.framework; name = Foundation.framework; path = System/Library/Frameworks/Foundation.framework; sourceTree = SDKROOT; };
		1DF5F4DF0D08C38300B7A737 /* UIKit.framework */ = {isa = PBXFileReference; lastKnownFileType = wrapper.framework; name = UIKit.framework; path = System/Library/Frameworks/UIKit.framework; sourceTree = SDKROOT; };
		288765FC0DF74451002DB57D /* CoreGraphics.framework */ = {isa = PBXFileReference; lastKnownFileType = wrapper.framework; name = CoreGraphics.framework; path = System/Library/Frameworks/CoreGraphics.framework; sourceTree = SDKROOT; };
		32CA4F630368D1EE00C91783 /* Betwixt_Prefix.pch */ = {isa = PBXFileReference; fileEncoding = 4; lastKnownFileType = sourcecode.c.h; path = Betwixt_Prefix.pch; sourceTree = "<group>"; };
		8D1107310486CEB800E47090 /* Application-Info.plist */ = {isa = PBXFileReference; fileEncoding = 4; lastKnownFileType = text.plist.xml; path = "Application-Info.plist"; plistStructureDefinitionIdentifier = "com.apple.xcode.plist.structure-definition.iphone.info-plist"; sourceTree = "<group>"; };
		CB366FE4148ECC84004BE08B /* BTContext.h */ = {isa = PBXFileReference; fileEncoding = 4; lastKnownFileType = sourcecode.c.h; path = BTContext.h; sourceTree = "<group>"; };
		CB366FE5148ECC84004BE08B /* BTContext.m */ = {isa = PBXFileReference; fileEncoding = 4; lastKnownFileType = sourcecode.c.objc; path = BTContext.m; sourceTree = "<group>"; };
		CB366FE9148EE7C6004BE08B /* BTLocationTask.h */ = {isa = PBXFileReference; fileEncoding = 4; lastKnownFileType = sourcecode.c.h; path = BTLocationTask.h; sourceTree = "<group>"; };
		CB366FEA148EE7C6004BE08B /* BTLocationTask.m */ = {isa = PBXFileReference; fileEncoding = 4; lastKnownFileType = sourcecode.c.objc; path = BTLocationTask.m; sourceTree = "<group>"; };
		CB72E4A914773ED100F1EC78 /* Square.h */ = {isa = PBXFileReference; fileEncoding = 4; lastKnownFileType = sourcecode.c.h; name = Square.h; path = Integration/Square.h; sourceTree = "<group>"; };
		CB72E4AA14773ED100F1EC78 /* Square.m */ = {isa = PBXFileReference; fileEncoding = 4; lastKnownFileType = sourcecode.c.objc; name = Square.m; path = Integration/Square.m; sourceTree = "<group>"; };
		CB7ABCAC147C52D400EC6AEC /* SPEventDispatcher+BlockListener.h */ = {isa = PBXFileReference; fileEncoding = 4; lastKnownFileType = sourcecode.c.h; path = "SPEventDispatcher+BlockListener.h"; sourceTree = "<group>"; };
		CB7ABCAD147C52D400EC6AEC /* SPEventDispatcher+BlockListener.m */ = {isa = PBXFileReference; fileEncoding = 4; lastKnownFileType = sourcecode.c.objc; path = "SPEventDispatcher+BlockListener.m"; sourceTree = "<group>"; };
		CB7ABCB0147C5EFB00EC6AEC /* BTGeneration+Package.h */ = {isa = PBXFileReference; fileEncoding = 4; lastKnownFileType = sourcecode.c.h; path = "BTGeneration+Package.h"; sourceTree = "<group>"; };
		CB7ABCB4147C747C00EC6AEC /* BTModeStack+Package.h */ = {isa = PBXFileReference; fileEncoding = 4; lastKnownFileType = sourcecode.c.h; path = "BTModeStack+Package.h"; sourceTree = "<group>"; };
		CBAD57941475A3A000F7D78E /* main.m */ = {isa = PBXFileReference; fileEncoding = 4; lastKnownFileType = sourcecode.c.objc; name = main.m; path = Integration/main.m; sourceTree = "<group>"; };
		CBAD57971475A4EE00F7D78E /* TestApplicationDelegate.h */ = {isa = PBXFileReference; fileEncoding = 4; lastKnownFileType = sourcecode.c.h; name = TestApplicationDelegate.h; path = Integration/TestApplicationDelegate.h; sourceTree = "<group>"; };
		CBAD57981475A4EE00F7D78E /* TestApplicationDelegate.m */ = {isa = PBXFileReference; fileEncoding = 4; lastKnownFileType = sourcecode.c.objc; name = TestApplicationDelegate.m; path = Integration/TestApplicationDelegate.m; sourceTree = "<group>"; };
		CBAD57B31475A62B00F7D78E /* Betwixt Integration.app */ = {isa = PBXFileReference; explicitFileType = wrapper.application; includeInIndex = 0; path = "Betwixt Integration.app"; sourceTree = BUILT_PRODUCTS_DIR; };
		CBAD57CC1475A70100F7D78E /* SubObjectMode.h */ = {isa = PBXFileReference; fileEncoding = 4; lastKnownFileType = sourcecode.c.h; name = SubObjectMode.h; path = Integration/SubObjectMode.h; sourceTree = "<group>"; };
		CBAD57CD1475A70100F7D78E /* SubObjectMode.m */ = {isa = PBXFileReference; fileEncoding = 4; lastKnownFileType = sourcecode.c.objc; name = SubObjectMode.m; path = Integration/SubObjectMode.m; sourceTree = "<group>"; };
		CBB86EDE1476669800D0C57E /* BTObject.h */ = {isa = PBXFileReference; fileEncoding = 4; lastKnownFileType = sourcecode.c.h; path = BTObject.h; sourceTree = "<group>"; };
		CBB86EDF1476669800D0C57E /* BTObject.m */ = {isa = PBXFileReference; fileEncoding = 4; lastKnownFileType = sourcecode.c.objc; path = BTObject.m; sourceTree = "<group>"; };
		CBB86EE2147666AA00D0C57E /* BTGeneration.h */ = {isa = PBXFileReference; fileEncoding = 4; lastKnownFileType = sourcecode.c.h; path = BTGeneration.h; sourceTree = "<group>"; };
		CBB86EE3147666AA00D0C57E /* BTGeneration.m */ = {isa = PBXFileReference; fileEncoding = 4; lastKnownFileType = sourcecode.c.objc; path = BTGeneration.m; sourceTree = "<group>"; };
		CBB8CB911475A06400445316 /* libBetwixt.a */ = {isa = PBXFileReference; explicitFileType = archive.ar; includeInIndex = 0; path = libBetwixt.a; sourceTree = BUILT_PRODUCTS_DIR; };
		CBD63C7D147AFBA10006E811 /* NSObject+BlockObservation.h */ = {isa = PBXFileReference; fileEncoding = 4; lastKnownFileType = sourcecode.c.h; path = "NSObject+BlockObservation.h"; sourceTree = "<group>"; };
		CBD63C7E147AFBA10006E811 /* NSObject+BlockObservation.m */ = {isa = PBXFileReference; fileEncoding = 4; lastKnownFileType = sourcecode.c.objc; path = "NSObject+BlockObservation.m"; sourceTree = "<group>"; };
		CBF2AA9A14765EA5000C022D /* BTApplicationDelegate.h */ = {isa = PBXFileReference; fileEncoding = 4; lastKnownFileType = sourcecode.c.h; path = BTApplicationDelegate.h; sourceTree = "<group>"; };
		CBF2AA9B14765EA5000C022D /* BTApplicationDelegate.m */ = {isa = PBXFileReference; fileEncoding = 4; lastKnownFileType = sourcecode.c.objc; path = BTApplicationDelegate.m; sourceTree = "<group>"; };
		CBF2AA9C14765EA5000C022D /* BTMode.h */ = {isa = PBXFileReference; fileEncoding = 4; lastKnownFileType = sourcecode.c.h; path = BTMode.h; sourceTree = "<group>"; };
		CBF2AA9D14765EA5000C022D /* BTMode.m */ = {isa = PBXFileReference; fileEncoding = 4; lastKnownFileType = sourcecode.c.objc; path = BTMode.m; sourceTree = "<group>"; };
		CBF2AA9E14765EA5000C022D /* BTModeStack.h */ = {isa = PBXFileReference; fileEncoding = 4; lastKnownFileType = sourcecode.c.h; path = BTModeStack.h; sourceTree = "<group>"; };
		CBF2AA9F14765EA5000C022D /* BTModeStack.m */ = {isa = PBXFileReference; fileEncoding = 4; lastKnownFileType = sourcecode.c.objc; path = BTModeStack.m; sourceTree = "<group>"; };
		DE3F093711B7B9DC009D4DB0 /* AVFoundation.framework */ = {isa = PBXFileReference; lastKnownFileType = wrapper.framework; name = AVFoundation.framework; path = System/Library/Frameworks/AVFoundation.framework; sourceTree = SDKROOT; };
		DE3F093911B7B9DC009D4DB0 /* AudioToolbox.framework */ = {isa = PBXFileReference; lastKnownFileType = wrapper.framework; name = AudioToolbox.framework; path = System/Library/Frameworks/AudioToolbox.framework; sourceTree = SDKROOT; };
		DE3F097711B7BABD009D4DB0 /* OpenAL.framework */ = {isa = PBXFileReference; lastKnownFileType = wrapper.framework; name = OpenAL.framework; path = System/Library/Frameworks/OpenAL.framework; sourceTree = SDKROOT; };
		DE4A3D7910FFB08200FDA492 /* OpenGLES.framework */ = {isa = PBXFileReference; lastKnownFileType = wrapper.framework; name = OpenGLES.framework; path = System/Library/Frameworks/OpenGLES.framework; sourceTree = SDKROOT; };
		DE4A3D7E10FFB08B00FDA492 /* QuartzCore.framework */ = {isa = PBXFileReference; lastKnownFileType = wrapper.framework; name = QuartzCore.framework; path = System/Library/Frameworks/QuartzCore.framework; sourceTree = SDKROOT; };
		DE4A3DA210FFB0D400FDA492 /* Sparrow.xcodeproj */ = {isa = PBXFileReference; lastKnownFileType = "wrapper.pb-project"; path = Sparrow.xcodeproj; sourceTree = SPARROW_SRC; };
		DE5C4E6D138ED109004892CA /* libz.dylib */ = {isa = PBXFileReference; lastKnownFileType = "compiled.mach-o.dylib"; name = libz.dylib; path = usr/lib/libz.dylib; sourceTree = SDKROOT; };
/* End PBXFileReference section */

/* Begin PBXFrameworksBuildPhase section */
		CBAD57B01475A62B00F7D78E /* Frameworks */ = {
			isa = PBXFrameworksBuildPhase;
			buildActionMask = 2147483647;
			files = (
				CBAD57D61475A7E200F7D78E /* AVFoundation.framework in Frameworks */,
				CBAD57D51475A7D800F7D78E /* AudioToolbox.framework in Frameworks */,
				CBAD57D41475A7D200F7D78E /* QuartzCore.framework in Frameworks */,
				CBAD57D31475A7B000F7D78E /* libz.dylib in Frameworks */,
				CBAD57D11475A7A200F7D78E /* OpenAL.framework in Frameworks */,
				CBAD57D21475A7A200F7D78E /* OpenGLES.framework in Frameworks */,
				CBAD57CA1475A6A500F7D78E /* libBetwixt.a in Frameworks */,
				CBAD57B51475A62B00F7D78E /* UIKit.framework in Frameworks */,
				CBAD57B61475A62B00F7D78E /* Foundation.framework in Frameworks */,
				CBAD57B71475A62B00F7D78E /* CoreGraphics.framework in Frameworks */,
			);
			runOnlyForDeploymentPostprocessing = 0;
		};
		CBB8CB8E1475A06400445316 /* Frameworks */ = {
			isa = PBXFrameworksBuildPhase;
			buildActionMask = 2147483647;
			files = (
				CBAD578D1475A28C00F7D78E /* libSparrow.a in Frameworks */,
				CB602C711476603800E52CE2 /* libz.dylib in Frameworks */,
				CB602C721476603800E52CE2 /* AVFoundation.framework in Frameworks */,
				CB602C731476603800E52CE2 /* AudioToolbox.framework in Frameworks */,
				CB602C741476603800E52CE2 /* OpenAL.framework in Frameworks */,
				CB602C751476603800E52CE2 /* QuartzCore.framework in Frameworks */,
				CBAD57891475A28800F7D78E /* OpenGLES.framework in Frameworks */,
				CBAD578A1475A28800F7D78E /* UIKit.framework in Frameworks */,
				CBB8CB921475A06400445316 /* Foundation.framework in Frameworks */,
				CBAD57881475A28800F7D78E /* CoreGraphics.framework in Frameworks */,
			);
			runOnlyForDeploymentPostprocessing = 0;
		};
/* End PBXFrameworksBuildPhase section */

/* Begin PBXGroup section */
		080E96DDFE201D6D7F000001 /* Classes */ = {
			isa = PBXGroup;
			children = (
				CBF2AA9A14765EA5000C022D /* BTApplicationDelegate.h */,
				CBF2AA9B14765EA5000C022D /* BTApplicationDelegate.m */,
				CB366FE4148ECC84004BE08B /* BTContext.h */,
				CB366FE5148ECC84004BE08B /* BTContext.m */,
				CBB86EE2147666AA00D0C57E /* BTGeneration.h */,
				CB7ABCB0147C5EFB00EC6AEC /* BTGeneration+Package.h */,
				CBB86EE3147666AA00D0C57E /* BTGeneration.m */,
				CBF2AA9C14765EA5000C022D /* BTMode.h */,
				CBF2AA9D14765EA5000C022D /* BTMode.m */,
				CBF2AA9E14765EA5000C022D /* BTModeStack.h */,
				CB7ABCB4147C747C00EC6AEC /* BTModeStack+Package.h */,
				CBF2AA9F14765EA5000C022D /* BTModeStack.m */,
				CBB86EDE1476669800D0C57E /* BTObject.h */,
				CBB86EDF1476669800D0C57E /* BTObject.m */,
				CBD63C7D147AFBA10006E811 /* NSObject+BlockObservation.h */,
				CBD63C7E147AFBA10006E811 /* NSObject+BlockObservation.m */,
				CB7ABCAC147C52D400EC6AEC /* SPEventDispatcher+BlockListener.h */,
				CB7ABCAD147C52D400EC6AEC /* SPEventDispatcher+BlockListener.m */,
				CB366FE8148EE7A0004BE08B /* Tasks */,
			);
			path = Classes;
			sourceTree = "<group>";
		};
		19C28FACFE9D520D11CA2CBB /* Products */ = {
			isa = PBXGroup;
			children = (
				CBB8CB911475A06400445316 /* libBetwixt.a */,
				CBAD57B31475A62B00F7D78E /* Betwixt Integration.app */,
			);
			name = Products;
			sourceTree = "<group>";
		};
		29B97314FDCFA39411CA2CEA /* CustomTemplate */ = {
			isa = PBXGroup;
			children = (
				DE4A3DA210FFB0D400FDA492 /* Sparrow.xcodeproj */,
				080E96DDFE201D6D7F000001 /* Classes */,
				CBAD57921475A33900F7D78E /* Integration */,
				29B97315FDCFA39411CA2CEA /* Other Sources */,
				29B97317FDCFA39411CA2CEA /* Resources */,
				29B97323FDCFA39411CA2CEA /* Frameworks */,
				19C28FACFE9D520D11CA2CBB /* Products */,
			);
			name = CustomTemplate;
			sourceTree = "<group>";
		};
		29B97315FDCFA39411CA2CEA /* Other Sources */ = {
			isa = PBXGroup;
			children = (
				32CA4F630368D1EE00C91783 /* Betwixt_Prefix.pch */,
			);
			name = "Other Sources";
			sourceTree = "<group>";
		};
		29B97317FDCFA39411CA2CEA /* Resources */ = {
			isa = PBXGroup;
			children = (
				8D1107310486CEB800E47090 /* Application-Info.plist */,
			);
			name = Resources;
			sourceTree = "<group>";
		};
		29B97323FDCFA39411CA2CEA /* Frameworks */ = {
			isa = PBXGroup;
			children = (
				DE5C4E6D138ED109004892CA /* libz.dylib */,
				DE3F093711B7B9DC009D4DB0 /* AVFoundation.framework */,
				DE3F093911B7B9DC009D4DB0 /* AudioToolbox.framework */,
				DE3F097711B7BABD009D4DB0 /* OpenAL.framework */,
				DE4A3D7E10FFB08B00FDA492 /* QuartzCore.framework */,
				DE4A3D7910FFB08200FDA492 /* OpenGLES.framework */,
				1DF5F4DF0D08C38300B7A737 /* UIKit.framework */,
				1D30AB110D05D00D00671497 /* Foundation.framework */,
				288765FC0DF74451002DB57D /* CoreGraphics.framework */,
			);
			name = Frameworks;
			sourceTree = "<group>";
		};
		CB366FE8148EE7A0004BE08B /* Tasks */ = {
			isa = PBXGroup;
			children = (
				CB366FE9148EE7C6004BE08B /* BTLocationTask.h */,
				CB366FEA148EE7C6004BE08B /* BTLocationTask.m */,
			);
			name = Tasks;
			sourceTree = "<group>";
		};
		CBAD57921475A33900F7D78E /* Integration */ = {
			isa = PBXGroup;
			children = (
				CB72E4A914773ED100F1EC78 /* Square.h */,
				CB72E4AA14773ED100F1EC78 /* Square.m */,
				CBAD57CC1475A70100F7D78E /* SubObjectMode.h */,
				CBAD57CD1475A70100F7D78E /* SubObjectMode.m */,
				CBAD57941475A3A000F7D78E /* main.m */,
				CBAD57971475A4EE00F7D78E /* TestApplicationDelegate.h */,
				CBAD57981475A4EE00F7D78E /* TestApplicationDelegate.m */,
			);
			name = Integration;
			sourceTree = "<group>";
		};
		DE4A3DAB10FFB0DB00FDA492 /* Products */ = {
			isa = PBXGroup;
			children = (
				DE4A3DB010FFB0DB00FDA492 /* libSparrow.a */,
				DE4A3DB210FFB0DB00FDA492 /* UnitTest.octest */,
			);
			name = Products;
			sourceTree = "<group>";
		};
/* End PBXGroup section */

/* Begin PBXHeadersBuildPhase section */
		CBB8CB8F1475A06400445316 /* Headers */ = {
			isa = PBXHeadersBuildPhase;
			buildActionMask = 2147483647;
			files = (
				CBAD57991475A4EE00F7D78E /* TestApplicationDelegate.h in Headers */,
				CBAD57CE1475A70100F7D78E /* SubObjectMode.h in Headers */,
				CBF2AAA014765EA5000C022D /* BTApplicationDelegate.h in Headers */,
				CBF2AAA214765EA5000C022D /* BTMode.h in Headers */,
				CBF2AAA414765EA5000C022D /* BTModeStack.h in Headers */,
				CBB86EE01476669800D0C57E /* BTObject.h in Headers */,
				CBB86EE4147666AA00D0C57E /* BTGeneration.h in Headers */,
				CB72E4AB14773ED200F1EC78 /* Square.h in Headers */,
				CBD63C7F147AFBA10006E811 /* NSObject+BlockObservation.h in Headers */,
				CB7ABCAE147C52D400EC6AEC /* SPEventDispatcher+BlockListener.h in Headers */,
				CB7ABCB2147C5EFB00EC6AEC /* BTGeneration+Package.h in Headers */,
				CB7ABCB5147C747C00EC6AEC /* BTModeStack+Package.h in Headers */,
				CB366FE6148ECC84004BE08B /* BTContext.h in Headers */,
				CB366FEB148EE7C6004BE08B /* BTLocationTask.h in Headers */,
			);
			runOnlyForDeploymentPostprocessing = 0;
		};
/* End PBXHeadersBuildPhase section */

/* Begin PBXNativeTarget section */
		CBAD57B21475A62B00F7D78E /* Betwixt Integration */ = {
			isa = PBXNativeTarget;
			buildConfigurationList = CBAD57C41475A62B00F7D78E /* Build configuration list for PBXNativeTarget "Betwixt Integration" */;
			buildPhases = (
				CBAD57AF1475A62B00F7D78E /* Sources */,
				CBAD57B01475A62B00F7D78E /* Frameworks */,
				CBAD57B11475A62B00F7D78E /* Resources */,
			);
			buildRules = (
			);
			dependencies = (
			);
			name = "Betwixt Integration";
			productName = BetwixtIntegration;
			productReference = CBAD57B31475A62B00F7D78E /* Betwixt Integration.app */;
			productType = "com.apple.product-type.application";
		};
		CBB8CB901475A06400445316 /* Betwixt */ = {
			isa = PBXNativeTarget;
			buildConfigurationList = CBB8CB991475A06400445316 /* Build configuration list for PBXNativeTarget "Betwixt" */;
			buildPhases = (
				CBB8CB8F1475A06400445316 /* Headers */,
				CBB8CB8D1475A06400445316 /* Sources */,
				CBB8CB8E1475A06400445316 /* Frameworks */,
			);
			buildRules = (
			);
			dependencies = (
			);
			name = Betwixt;
			productName = Betwixtlib;
			productReference = CBB8CB911475A06400445316 /* libBetwixt.a */;
			productType = "com.apple.product-type.library.static";
		};
/* End PBXNativeTarget section */

/* Begin PBXProject section */
		29B97313FDCFA39411CA2CEA /* Project object */ = {
			isa = PBXProject;
			attributes = {
				LastUpgradeCheck = 0420;
				ORGANIZATIONNAME = "Three Rings Design";
			};
			buildConfigurationList = C01FCF4E08A954540054247B /* Build configuration list for PBXProject "Betwixt" */;
			compatibilityVersion = "Xcode 3.2";
			developmentRegion = English;
			hasScannedForEncodings = 1;
			knownRegions = (
				English,
				Japanese,
				French,
				German,
				en,
			);
			mainGroup = 29B97314FDCFA39411CA2CEA /* CustomTemplate */;
			projectDirPath = "";
			projectReferences = (
				{
					ProductGroup = DE4A3DAB10FFB0DB00FDA492 /* Products */;
					ProjectRef = DE4A3DA210FFB0D400FDA492 /* Sparrow.xcodeproj */;
				},
			);
			projectRoot = "";
			targets = (
				CBB8CB901475A06400445316 /* Betwixt */,
				CBAD57B21475A62B00F7D78E /* Betwixt Integration */,
			);
		};
/* End PBXProject section */

/* Begin PBXReferenceProxy section */
		DE4A3DB010FFB0DB00FDA492 /* libSparrow.a */ = {
			isa = PBXReferenceProxy;
			fileType = archive.ar;
			path = libSparrow.a;
			remoteRef = DE4A3DAF10FFB0DB00FDA492 /* PBXContainerItemProxy */;
			sourceTree = BUILT_PRODUCTS_DIR;
		};
		DE4A3DB210FFB0DB00FDA492 /* UnitTest.octest */ = {
			isa = PBXReferenceProxy;
			fileType = wrapper.cfbundle;
			path = UnitTest.octest;
			remoteRef = DE4A3DB110FFB0DB00FDA492 /* PBXContainerItemProxy */;
			sourceTree = BUILT_PRODUCTS_DIR;
		};
/* End PBXReferenceProxy section */

/* Begin PBXResourcesBuildPhase section */
		CBAD57B11475A62B00F7D78E /* Resources */ = {
			isa = PBXResourcesBuildPhase;
			buildActionMask = 2147483647;
			files = (
			);
			runOnlyForDeploymentPostprocessing = 0;
		};
/* End PBXResourcesBuildPhase section */

/* Begin PBXSourcesBuildPhase section */
		CBAD57AF1475A62B00F7D78E /* Sources */ = {
			isa = PBXSourcesBuildPhase;
			buildActionMask = 2147483647;
			files = (
				CBAD57D01475A75100F7D78E /* SubObjectMode.m in Sources */,
				CBAD57C71475A69500F7D78E /* main.m in Sources */,
				CBAD57C91475A69500F7D78E /* TestApplicationDelegate.m in Sources */,
			);
			runOnlyForDeploymentPostprocessing = 0;
		};
		CBB8CB8D1475A06400445316 /* Sources */ = {
			isa = PBXSourcesBuildPhase;
			buildActionMask = 2147483647;
			files = (
				CBF2AAA114765EA5000C022D /* BTApplicationDelegate.m in Sources */,
				CBF2AAA314765EA5000C022D /* BTMode.m in Sources */,
				CBF2AAA514765EA5000C022D /* BTModeStack.m in Sources */,
				CBB86EE11476669800D0C57E /* BTObject.m in Sources */,
				CBB86EE5147666AA00D0C57E /* BTGeneration.m in Sources */,
				CB72E4AC14773ED200F1EC78 /* Square.m in Sources */,
				CBD63C80147AFBA10006E811 /* NSObject+BlockObservation.m in Sources */,
				CB7ABCAF147C52D400EC6AEC /* SPEventDispatcher+BlockListener.m in Sources */,
				CB366FE7148ECC84004BE08B /* BTContext.m in Sources */,
				CB366FEC148EE7C6004BE08B /* BTLocationTask.m in Sources */,
			);
			runOnlyForDeploymentPostprocessing = 0;
		};
/* End PBXSourcesBuildPhase section */

/* Begin XCBuildConfiguration section */
		C01FCF4F08A954540054247B /* Debug */ = {
			isa = XCBuildConfiguration;
			buildSettings = {
				ARCHS = "$(ARCHS_STANDARD_32_BIT)";
				CLANG_ENABLE_OBJC_ARC = YES;
				"CODE_SIGN_IDENTITY[sdk=iphoneos*]" = "iPhone Developer";
				GCC_C_LANGUAGE_STANDARD = c99;
				GCC_PREPROCESSOR_DEFINITIONS = DISABLE_MEMORY_POOLING;
				GCC_THUMB_SUPPORT = NO;
				GCC_WARN_ABOUT_RETURN_TYPE = YES;
				GCC_WARN_UNUSED_VARIABLE = YES;
				OTHER_LDFLAGS = (
					"-ObjC",
					"-all_load",
				);
				PRODUCT_NAME = Betwixt;
				SDKROOT = iphoneos;
				USER_HEADER_SEARCH_PATHS = "${SPARROW_SRC}/**";
			};
			name = Debug;
		};
		C01FCF5008A954540054247B /* Release */ = {
			isa = XCBuildConfiguration;
			buildSettings = {
				ARCHS = "$(ARCHS_STANDARD_32_BIT)";
				CLANG_ENABLE_OBJC_ARC = YES;
				"CODE_SIGN_IDENTITY[sdk=iphoneos*]" = "iPhone Developer";
				GCC_C_LANGUAGE_STANDARD = c99;
				GCC_PREPROCESSOR_DEFINITIONS = DISABLE_MEMORY_POOLING;
				GCC_THUMB_SUPPORT = NO;
				GCC_WARN_ABOUT_RETURN_TYPE = YES;
				GCC_WARN_UNUSED_VARIABLE = YES;
				OTHER_LDFLAGS = (
					"-ObjC",
					"-all_load",
				);
				PRODUCT_NAME = Betwixt;
				SDKROOT = iphoneos;
				USER_HEADER_SEARCH_PATHS = "${SPARROW_SRC}/**";
			};
			name = Release;
		};
		CBAD57C51475A62B00F7D78E /* Debug */ = {
			isa = XCBuildConfiguration;
			buildSettings = {
				ALWAYS_SEARCH_USER_PATHS = NO;
				"CODE_SIGN_IDENTITY[sdk=iphoneos*]" = "iPhone Developer";
				COPY_PHASE_STRIP = NO;
				GCC_C_LANGUAGE_STANDARD = gnu99;
				GCC_DYNAMIC_NO_PIC = NO;
				GCC_OPTIMIZATION_LEVEL = 0;
				GCC_PRECOMPILE_PREFIX_HEADER = YES;
				GCC_PREFIX_HEADER = Betwixt_Prefix.pch;
				GCC_PREPROCESSOR_DEFINITIONS = (
					"DEBUG=1",
					"$(inherited)",
				);
				GCC_SYMBOLS_PRIVATE_EXTERN = NO;
				GCC_VERSION = com.apple.compilers.llvm.clang.1_0;
				GCC_WARN_ABOUT_MISSING_PROTOTYPES = YES;
				HEADER_SEARCH_PATHS = Classes;
				INFOPLIST_FILE = "Integration/Integration-Info.plist";
				IPHONEOS_DEPLOYMENT_TARGET = 5.0;
				PRODUCT_NAME = "$(TARGET_NAME)";
				WRAPPER_EXTENSION = app;
			};
			name = Debug;
		};
		CBAD57C61475A62B00F7D78E /* Release */ = {
			isa = XCBuildConfiguration;
			buildSettings = {
				ALWAYS_SEARCH_USER_PATHS = NO;
				"CODE_SIGN_IDENTITY[sdk=iphoneos*]" = "iPhone Developer";
				COPY_PHASE_STRIP = YES;
				GCC_C_LANGUAGE_STANDARD = gnu99;
				GCC_PRECOMPILE_PREFIX_HEADER = YES;
				GCC_PREFIX_HEADER = Betwixt_Prefix.pch;
				GCC_VERSION = com.apple.compilers.llvm.clang.1_0;
				GCC_WARN_ABOUT_MISSING_PROTOTYPES = YES;
				HEADER_SEARCH_PATHS = Classes;
				INFOPLIST_FILE = "Integration/Integration-Info.plist";
				IPHONEOS_DEPLOYMENT_TARGET = 5.0;
				OTHER_CFLAGS = "-DNS_BLOCK_ASSERTIONS=1";
				PRODUCT_NAME = "$(TARGET_NAME)";
				VALIDATE_PRODUCT = YES;
				WRAPPER_EXTENSION = app;
			};
			name = Release;
		};
		CBB8CB9A1475A06400445316 /* Debug */ = {
			isa = XCBuildConfiguration;
			buildSettings = {
				ALWAYS_SEARCH_USER_PATHS = NO;
				COPY_PHASE_STRIP = NO;
				DSTROOT = /tmp/Betwixtlib.dst;
				GCC_C_LANGUAGE_STANDARD = c99;
				GCC_DYNAMIC_NO_PIC = NO;
				GCC_OPTIMIZATION_LEVEL = 0;
				GCC_PRECOMPILE_PREFIX_HEADER = YES;
				GCC_PREFIX_HEADER = Betwixt_Prefix.pch;
				GCC_PREPROCESSOR_DEFINITIONS = (
					"DEBUG=1",
					"$(inherited)",
				);
				GCC_SYMBOLS_PRIVATE_EXTERN = NO;
				GCC_VERSION = com.apple.compilers.llvm.clang.1_0;
				GCC_WARN_ABOUT_MISSING_PROTOTYPES = YES;
				IPHONEOS_DEPLOYMENT_TARGET = 5.0;
				OTHER_LDFLAGS = "-ObjC";
				PRODUCT_NAME = "$(TARGET_NAME)";
				SKIP_INSTALL = YES;
			};
			name = Debug;
		};
		CBB8CB9B1475A06400445316 /* Release */ = {
			isa = XCBuildConfiguration;
			buildSettings = {
				ALWAYS_SEARCH_USER_PATHS = NO;
				COPY_PHASE_STRIP = YES;
				DSTROOT = /tmp/Betwixtlib.dst;
				GCC_C_LANGUAGE_STANDARD = c99;
				GCC_PRECOMPILE_PREFIX_HEADER = YES;
				GCC_PREFIX_HEADER = Betwixt_Prefix.pch;
				GCC_VERSION = com.apple.compilers.llvm.clang.1_0;
				GCC_WARN_ABOUT_MISSING_PROTOTYPES = YES;
				IPHONEOS_DEPLOYMENT_TARGET = 5.0;
				OTHER_LDFLAGS = "-ObjC";
				PRODUCT_NAME = "$(TARGET_NAME)";
				SKIP_INSTALL = YES;
				VALIDATE_PRODUCT = YES;
			};
			name = Release;
		};
/* End XCBuildConfiguration section */

/* Begin XCConfigurationList section */
		C01FCF4E08A954540054247B /* Build configuration list for PBXProject "Betwixt" */ = {
			isa = XCConfigurationList;
			buildConfigurations = (
				C01FCF4F08A954540054247B /* Debug */,
				C01FCF5008A954540054247B /* Release */,
			);
			defaultConfigurationIsVisible = 0;
			defaultConfigurationName = Release;
		};
		CBAD57C41475A62B00F7D78E /* Build configuration list for PBXNativeTarget "Betwixt Integration" */ = {
			isa = XCConfigurationList;
			buildConfigurations = (
				CBAD57C51475A62B00F7D78E /* Debug */,
				CBAD57C61475A62B00F7D78E /* Release */,
			);
			defaultConfigurationIsVisible = 0;
			defaultConfigurationName = Release;
		};
		CBB8CB991475A06400445316 /* Build configuration list for PBXNativeTarget "Betwixt" */ = {
			isa = XCConfigurationList;
			buildConfigurations = (
				CBB8CB9A1475A06400445316 /* Debug */,
				CBB8CB9B1475A06400445316 /* Release */,
			);
			defaultConfigurationIsVisible = 0;
			defaultConfigurationName = Release;
		};
/* End XCConfigurationList section */
	};
	rootObject = 29B97313FDCFA39411CA2CEA /* Project object */;
}
